// !$*UTF8*$!
{
	archiveVersion = 1;
	classes = {
	};
	objectVersion = 46;
	objects = {

/* Begin PBXBuildFile section */
		094A0C461842B6CB0002D3AE /* Drink.m in Sources */ = {isa = PBXBuildFile; fileRef = 094A0C451842B6CB0002D3AE /* Drink.m */; };
		094A0C491842D2C60002D3AE /* SYEditTableViewController.m in Sources */ = {isa = PBXBuildFile; fileRef = 094A0C481842D2C60002D3AE /* SYEditTableViewController.m */; };
		094AB598183F63B40019832B /* SYAddObject.m in Sources */ = {isa = PBXBuildFile; fileRef = 094AB597183F63B40019832B /* SYAddObject.m */; };
		094AB59B18411A950019832B /* NSManagedObject+JSON.m in Sources */ = {isa = PBXBuildFile; fileRef = 094AB59A18411A950019832B /* NSManagedObject+JSON.m */; };
		094AB5A118411C750019832B /* Drink+JSON.m in Sources */ = {isa = PBXBuildFile; fileRef = 094AB5A018411C750019832B /* Drink+JSON.m */; };
		097C0000183B5DD200F5FAFF /* AFURLRequestSerialization.m in Sources */ = {isa = PBXBuildFile; fileRef = 097CFFF5183B5DD200F5FAFF /* AFURLRequestSerialization.m */; };
		097C0001183B5DD200F5FAFF /* AFURLResponseSerialization.m in Sources */ = {isa = PBXBuildFile; fileRef = 097CFFF7183B5DD200F5FAFF /* AFURLResponseSerialization.m */; };
		097C0002183B5DD200F5FAFF /* AFURLSessionManager.m in Sources */ = {isa = PBXBuildFile; fileRef = 097CFFF9183B5DD200F5FAFF /* AFURLSessionManager.m */; };
		097C000A183B64BA00F5FAFF /* DBCoreDataStack.m in Sources */ = {isa = PBXBuildFile; fileRef = 097C0004183B64BA00F5FAFF /* DBCoreDataStack.m */; };
		097C000B183B64BA00F5FAFF /* SYCoreDataStackWithSyncStuff.m in Sources */ = {isa = PBXBuildFile; fileRef = 097C0006183B64BA00F5FAFF /* SYCoreDataStackWithSyncStuff.m */; };
		097C000C183B64BA00F5FAFF /* SYHTTPClient.m in Sources */ = {isa = PBXBuildFile; fileRef = 097C0008183B64BA00F5FAFF /* SYHTTPClient.m */; };
		097C000F183B652A00F5FAFF /* SYTableViewController.m in Sources */ = {isa = PBXBuildFile; fileRef = 097C000E183B652A00F5FAFF /* SYTableViewController.m */; };
		097C0012183B6B1B00F5FAFF /* menuCoreDataModel.xcdatamodeld in Sources */ = {isa = PBXBuildFile; fileRef = 097C0010183B6B1B00F5FAFF /* menuCoreDataModel.xcdatamodeld */; };
		097C0019183B6D3800F5FAFF /* SYSyncEngine.m in Sources */ = {isa = PBXBuildFile; fileRef = 097C0018183B6D3800F5FAFF /* SYSyncEngine.m */; };
		097CFFAF183B5D1300F5FAFF /* Foundation.framework in Frameworks */ = {isa = PBXBuildFile; fileRef = 097CFFAE183B5D1300F5FAFF /* Foundation.framework */; };
		097CFFB1183B5D1300F5FAFF /* CoreGraphics.framework in Frameworks */ = {isa = PBXBuildFile; fileRef = 097CFFB0183B5D1300F5FAFF /* CoreGraphics.framework */; };
		097CFFB3183B5D1300F5FAFF /* UIKit.framework in Frameworks */ = {isa = PBXBuildFile; fileRef = 097CFFB2183B5D1300F5FAFF /* UIKit.framework */; };
		097CFFB9183B5D1300F5FAFF /* InfoPlist.strings in Resources */ = {isa = PBXBuildFile; fileRef = 097CFFB7183B5D1300F5FAFF /* InfoPlist.strings */; };
		097CFFBB183B5D1300F5FAFF /* main.m in Sources */ = {isa = PBXBuildFile; fileRef = 097CFFBA183B5D1300F5FAFF /* main.m */; };
		097CFFBF183B5D1300F5FAFF /* SYAppDelegate.m in Sources */ = {isa = PBXBuildFile; fileRef = 097CFFBE183B5D1300F5FAFF /* SYAppDelegate.m */; };
		097CFFC2183B5D1300F5FAFF /* Main_iPhone.storyboard in Resources */ = {isa = PBXBuildFile; fileRef = 097CFFC0183B5D1300F5FAFF /* Main_iPhone.storyboard */; };
		097CFFC5183B5D1300F5FAFF /* Main_iPad.storyboard in Resources */ = {isa = PBXBuildFile; fileRef = 097CFFC3183B5D1300F5FAFF /* Main_iPad.storyboard */; };
		097CFFCA183B5D1300F5FAFF /* Images.xcassets in Resources */ = {isa = PBXBuildFile; fileRef = 097CFFC9183B5D1300F5FAFF /* Images.xcassets */; };
		097CFFD1183B5D1300F5FAFF /* XCTest.framework in Frameworks */ = {isa = PBXBuildFile; fileRef = 097CFFD0183B5D1300F5FAFF /* XCTest.framework */; };
		097CFFD2183B5D1300F5FAFF /* Foundation.framework in Frameworks */ = {isa = PBXBuildFile; fileRef = 097CFFAE183B5D1300F5FAFF /* Foundation.framework */; };
		097CFFD3183B5D1300F5FAFF /* UIKit.framework in Frameworks */ = {isa = PBXBuildFile; fileRef = 097CFFB2183B5D1300F5FAFF /* UIKit.framework */; };
		097CFFDB183B5D1300F5FAFF /* InfoPlist.strings in Resources */ = {isa = PBXBuildFile; fileRef = 097CFFD9183B5D1300F5FAFF /* InfoPlist.strings */; };
		097CFFDD183B5D1300F5FAFF /* syncWithAFNetworkingTests.m in Sources */ = {isa = PBXBuildFile; fileRef = 097CFFDC183B5D1300F5FAFF /* syncWithAFNetworkingTests.m */; };
		097CFFFA183B5DD200F5FAFF /* AFHTTPRequestOperation.m in Sources */ = {isa = PBXBuildFile; fileRef = 097CFFE8183B5DD200F5FAFF /* AFHTTPRequestOperation.m */; };
		097CFFFB183B5DD200F5FAFF /* AFHTTPRequestOperationManager.m in Sources */ = {isa = PBXBuildFile; fileRef = 097CFFEA183B5DD200F5FAFF /* AFHTTPRequestOperationManager.m */; };
		097CFFFC183B5DD200F5FAFF /* AFHTTPSessionManager.m in Sources */ = {isa = PBXBuildFile; fileRef = 097CFFEC183B5DD200F5FAFF /* AFHTTPSessionManager.m */; };
		097CFFFD183B5DD200F5FAFF /* AFNetworkReachabilityManager.m in Sources */ = {isa = PBXBuildFile; fileRef = 097CFFEF183B5DD200F5FAFF /* AFNetworkReachabilityManager.m */; };
		097CFFFE183B5DD200F5FAFF /* AFSecurityPolicy.m in Sources */ = {isa = PBXBuildFile; fileRef = 097CFFF1183B5DD200F5FAFF /* AFSecurityPolicy.m */; };
		097CFFFF183B5DD200F5FAFF /* AFURLConnectionOperation.m in Sources */ = {isa = PBXBuildFile; fileRef = 097CFFF3183B5DD200F5FAFF /* AFURLConnectionOperation.m */; };
/* End PBXBuildFile section */

/* Begin PBXContainerItemProxy section */
		097CFFD4183B5D1300F5FAFF /* PBXContainerItemProxy */ = {
			isa = PBXContainerItemProxy;
			containerPortal = 097CFFA3183B5D1300F5FAFF /* Project object */;
			proxyType = 1;
			remoteGlobalIDString = 097CFFAA183B5D1300F5FAFF;
			remoteInfo = syncWithAFNetworking;
		};
/* End PBXContainerItemProxy section */

/* Begin PBXFileReference section */
		094A0C441842B6CB0002D3AE /* Drink.h */ = {isa = PBXFileReference; fileEncoding = 4; lastKnownFileType = sourcecode.c.h; path = Drink.h; sourceTree = "<group>"; };
		094A0C451842B6CB0002D3AE /* Drink.m */ = {isa = PBXFileReference; fileEncoding = 4; lastKnownFileType = sourcecode.c.objc; path = Drink.m; sourceTree = "<group>"; };
		094A0C471842D2C60002D3AE /* SYEditTableViewController.h */ = {isa = PBXFileReference; fileEncoding = 4; lastKnownFileType = sourcecode.c.h; path = SYEditTableViewController.h; sourceTree = "<group>"; };
		094A0C481842D2C60002D3AE /* SYEditTableViewController.m */ = {isa = PBXFileReference; fileEncoding = 4; lastKnownFileType = sourcecode.c.objc; path = SYEditTableViewController.m; sourceTree = "<group>"; };
		094AB596183F63B40019832B /* SYAddObject.h */ = {isa = PBXFileReference; fileEncoding = 4; lastKnownFileType = sourcecode.c.h; path = SYAddObject.h; sourceTree = "<group>"; };
		094AB597183F63B40019832B /* SYAddObject.m */ = {isa = PBXFileReference; fileEncoding = 4; lastKnownFileType = sourcecode.c.objc; path = SYAddObject.m; sourceTree = "<group>"; };
		094AB59918411A950019832B /* NSManagedObject+JSON.h */ = {isa = PBXFileReference; fileEncoding = 4; lastKnownFileType = sourcecode.c.h; path = "NSManagedObject+JSON.h"; sourceTree = "<group>"; };
		094AB59A18411A950019832B /* NSManagedObject+JSON.m */ = {isa = PBXFileReference; fileEncoding = 4; lastKnownFileType = sourcecode.c.objc; path = "NSManagedObject+JSON.m"; sourceTree = "<group>"; };
		094AB59F18411C750019832B /* Drink+JSON.h */ = {isa = PBXFileReference; fileEncoding = 4; lastKnownFileType = sourcecode.c.h; path = "Drink+JSON.h"; sourceTree = "<group>"; };
		094AB5A018411C750019832B /* Drink+JSON.m */ = {isa = PBXFileReference; fileEncoding = 4; lastKnownFileType = sourcecode.c.objc; path = "Drink+JSON.m"; sourceTree = "<group>"; };
		097C0003183B64BA00F5FAFF /* DBCoreDataStack.h */ = {isa = PBXFileReference; fileEncoding = 4; lastKnownFileType = sourcecode.c.h; path = DBCoreDataStack.h; sourceTree = "<group>"; };
		097C0004183B64BA00F5FAFF /* DBCoreDataStack.m */ = {isa = PBXFileReference; fileEncoding = 4; lastKnownFileType = sourcecode.c.objc; path = DBCoreDataStack.m; sourceTree = "<group>"; };
		097C0005183B64BA00F5FAFF /* SYCoreDataStackWithSyncStuff.h */ = {isa = PBXFileReference; fileEncoding = 4; lastKnownFileType = sourcecode.c.h; path = SYCoreDataStackWithSyncStuff.h; sourceTree = "<group>"; };
		097C0006183B64BA00F5FAFF /* SYCoreDataStackWithSyncStuff.m */ = {isa = PBXFileReference; fileEncoding = 4; lastKnownFileType = sourcecode.c.objc; path = SYCoreDataStackWithSyncStuff.m; sourceTree = "<group>"; };
		097C0007183B64BA00F5FAFF /* SYHTTPClient.h */ = {isa = PBXFileReference; fileEncoding = 4; lastKnownFileType = sourcecode.c.h; path = SYHTTPClient.h; sourceTree = "<group>"; };
		097C0008183B64BA00F5FAFF /* SYHTTPClient.m */ = {isa = PBXFileReference; fileEncoding = 4; lastKnownFileType = sourcecode.c.objc; path = SYHTTPClient.m; sourceTree = "<group>"; };
		097C0009183B64BA00F5FAFF /* SYSyncEngine.h */ = {isa = PBXFileReference; fileEncoding = 4; lastKnownFileType = sourcecode.c.h; path = SYSyncEngine.h; sourceTree = "<group>"; };
		097C000D183B652A00F5FAFF /* SYTableViewController.h */ = {isa = PBXFileReference; fileEncoding = 4; lastKnownFileType = sourcecode.c.h; path = SYTableViewController.h; sourceTree = "<group>"; };
		097C000E183B652A00F5FAFF /* SYTableViewController.m */ = {isa = PBXFileReference; fileEncoding = 4; lastKnownFileType = sourcecode.c.objc; path = SYTableViewController.m; sourceTree = "<group>"; };
		097C0011183B6B1B00F5FAFF /* menuCoreDataModel.xcdatamodel */ = {isa = PBXFileReference; lastKnownFileType = wrapper.xcdatamodel; path = menuCoreDataModel.xcdatamodel; sourceTree = "<group>"; };
		097C0018183B6D3800F5FAFF /* SYSyncEngine.m */ = {isa = PBXFileReference; fileEncoding = 4; lastKnownFileType = sourcecode.c.objc; path = SYSyncEngine.m; sourceTree = "<group>"; };
		097CFFAB183B5D1300F5FAFF /* syncWithAFNetworking.app */ = {isa = PBXFileReference; explicitFileType = wrapper.application; includeInIndex = 0; path = syncWithAFNetworking.app; sourceTree = BUILT_PRODUCTS_DIR; };
		097CFFAE183B5D1300F5FAFF /* Foundation.framework */ = {isa = PBXFileReference; lastKnownFileType = wrapper.framework; name = Foundation.framework; path = System/Library/Frameworks/Foundation.framework; sourceTree = SDKROOT; };
		097CFFB0183B5D1300F5FAFF /* CoreGraphics.framework */ = {isa = PBXFileReference; lastKnownFileType = wrapper.framework; name = CoreGraphics.framework; path = System/Library/Frameworks/CoreGraphics.framework; sourceTree = SDKROOT; };
		097CFFB2183B5D1300F5FAFF /* UIKit.framework */ = {isa = PBXFileReference; lastKnownFileType = wrapper.framework; name = UIKit.framework; path = System/Library/Frameworks/UIKit.framework; sourceTree = SDKROOT; };
		097CFFB6183B5D1300F5FAFF /* syncWithAFNetworking-Info.plist */ = {isa = PBXFileReference; lastKnownFileType = text.plist.xml; path = "syncWithAFNetworking-Info.plist"; sourceTree = "<group>"; };
		097CFFB8183B5D1300F5FAFF /* en */ = {isa = PBXFileReference; lastKnownFileType = text.plist.strings; name = en; path = en.lproj/InfoPlist.strings; sourceTree = "<group>"; };
		097CFFBA183B5D1300F5FAFF /* main.m */ = {isa = PBXFileReference; lastKnownFileType = sourcecode.c.objc; path = main.m; sourceTree = "<group>"; };
		097CFFBC183B5D1300F5FAFF /* syncWithAFNetworking-Prefix.pch */ = {isa = PBXFileReference; lastKnownFileType = sourcecode.c.h; path = "syncWithAFNetworking-Prefix.pch"; sourceTree = "<group>"; };
		097CFFBD183B5D1300F5FAFF /* SYAppDelegate.h */ = {isa = PBXFileReference; lastKnownFileType = sourcecode.c.h; path = SYAppDelegate.h; sourceTree = "<group>"; };
		097CFFBE183B5D1300F5FAFF /* SYAppDelegate.m */ = {isa = PBXFileReference; lastKnownFileType = sourcecode.c.objc; path = SYAppDelegate.m; sourceTree = "<group>"; };
		097CFFC1183B5D1300F5FAFF /* Base */ = {isa = PBXFileReference; lastKnownFileType = file.storyboard; name = Base; path = Base.lproj/Main_iPhone.storyboard; sourceTree = "<group>"; };
		097CFFC4183B5D1300F5FAFF /* Base */ = {isa = PBXFileReference; lastKnownFileType = file.storyboard; name = Base; path = Base.lproj/Main_iPad.storyboard; sourceTree = "<group>"; };
		097CFFC9183B5D1300F5FAFF /* Images.xcassets */ = {isa = PBXFileReference; lastKnownFileType = folder.assetcatalog; path = Images.xcassets; sourceTree = "<group>"; };
		097CFFCF183B5D1300F5FAFF /* syncWithAFNetworkingTests.xctest */ = {isa = PBXFileReference; explicitFileType = wrapper.cfbundle; includeInIndex = 0; path = syncWithAFNetworkingTests.xctest; sourceTree = BUILT_PRODUCTS_DIR; };
		097CFFD0183B5D1300F5FAFF /* XCTest.framework */ = {isa = PBXFileReference; lastKnownFileType = wrapper.framework; name = XCTest.framework; path = Library/Frameworks/XCTest.framework; sourceTree = DEVELOPER_DIR; };
		097CFFD8183B5D1300F5FAFF /* syncWithAFNetworkingTests-Info.plist */ = {isa = PBXFileReference; lastKnownFileType = text.plist.xml; path = "syncWithAFNetworkingTests-Info.plist"; sourceTree = "<group>"; };
		097CFFDA183B5D1300F5FAFF /* en */ = {isa = PBXFileReference; lastKnownFileType = text.plist.strings; name = en; path = en.lproj/InfoPlist.strings; sourceTree = "<group>"; };
		097CFFDC183B5D1300F5FAFF /* syncWithAFNetworkingTests.m */ = {isa = PBXFileReference; lastKnownFileType = sourcecode.c.objc; path = syncWithAFNetworkingTests.m; sourceTree = "<group>"; };
		097CFFE7183B5DD200F5FAFF /* AFHTTPRequestOperation.h */ = {isa = PBXFileReference; fileEncoding = 4; lastKnownFileType = sourcecode.c.h; path = AFHTTPRequestOperation.h; sourceTree = "<group>"; };
		097CFFE8183B5DD200F5FAFF /* AFHTTPRequestOperation.m */ = {isa = PBXFileReference; fileEncoding = 4; lastKnownFileType = sourcecode.c.objc; path = AFHTTPRequestOperation.m; sourceTree = "<group>"; };
		097CFFE9183B5DD200F5FAFF /* AFHTTPRequestOperationManager.h */ = {isa = PBXFileReference; fileEncoding = 4; lastKnownFileType = sourcecode.c.h; path = AFHTTPRequestOperationManager.h; sourceTree = "<group>"; };
		097CFFEA183B5DD200F5FAFF /* AFHTTPRequestOperationManager.m */ = {isa = PBXFileReference; fileEncoding = 4; lastKnownFileType = sourcecode.c.objc; path = AFHTTPRequestOperationManager.m; sourceTree = "<group>"; };
		097CFFEB183B5DD200F5FAFF /* AFHTTPSessionManager.h */ = {isa = PBXFileReference; fileEncoding = 4; lastKnownFileType = sourcecode.c.h; path = AFHTTPSessionManager.h; sourceTree = "<group>"; };
		097CFFEC183B5DD200F5FAFF /* AFHTTPSessionManager.m */ = {isa = PBXFileReference; fileEncoding = 4; lastKnownFileType = sourcecode.c.objc; path = AFHTTPSessionManager.m; sourceTree = "<group>"; };
		097CFFED183B5DD200F5FAFF /* AFNetworking.h */ = {isa = PBXFileReference; fileEncoding = 4; lastKnownFileType = sourcecode.c.h; path = AFNetworking.h; sourceTree = "<group>"; };
		097CFFEE183B5DD200F5FAFF /* AFNetworkReachabilityManager.h */ = {isa = PBXFileReference; fileEncoding = 4; lastKnownFileType = sourcecode.c.h; path = AFNetworkReachabilityManager.h; sourceTree = "<group>"; };
		097CFFEF183B5DD200F5FAFF /* AFNetworkReachabilityManager.m */ = {isa = PBXFileReference; fileEncoding = 4; lastKnownFileType = sourcecode.c.objc; path = AFNetworkReachabilityManager.m; sourceTree = "<group>"; };
		097CFFF0183B5DD200F5FAFF /* AFSecurityPolicy.h */ = {isa = PBXFileReference; fileEncoding = 4; lastKnownFileType = sourcecode.c.h; path = AFSecurityPolicy.h; sourceTree = "<group>"; };
		097CFFF1183B5DD200F5FAFF /* AFSecurityPolicy.m */ = {isa = PBXFileReference; fileEncoding = 4; lastKnownFileType = sourcecode.c.objc; path = AFSecurityPolicy.m; sourceTree = "<group>"; };
		097CFFF2183B5DD200F5FAFF /* AFURLConnectionOperation.h */ = {isa = PBXFileReference; fileEncoding = 4; lastKnownFileType = sourcecode.c.h; path = AFURLConnectionOperation.h; sourceTree = "<group>"; };
		097CFFF3183B5DD200F5FAFF /* AFURLConnectionOperation.m */ = {isa = PBXFileReference; fileEncoding = 4; lastKnownFileType = sourcecode.c.objc; path = AFURLConnectionOperation.m; sourceTree = "<group>"; };
		097CFFF4183B5DD200F5FAFF /* AFURLRequestSerialization.h */ = {isa = PBXFileReference; fileEncoding = 4; lastKnownFileType = sourcecode.c.h; path = AFURLRequestSerialization.h; sourceTree = "<group>"; };
		097CFFF5183B5DD200F5FAFF /* AFURLRequestSerialization.m */ = {isa = PBXFileReference; fileEncoding = 4; lastKnownFileType = sourcecode.c.objc; path = AFURLRequestSerialization.m; sourceTree = "<group>"; };
		097CFFF6183B5DD200F5FAFF /* AFURLResponseSerialization.h */ = {isa = PBXFileReference; fileEncoding = 4; lastKnownFileType = sourcecode.c.h; path = AFURLResponseSerialization.h; sourceTree = "<group>"; };
		097CFFF7183B5DD200F5FAFF /* AFURLResponseSerialization.m */ = {isa = PBXFileReference; fileEncoding = 4; lastKnownFileType = sourcecode.c.objc; path = AFURLResponseSerialization.m; sourceTree = "<group>"; };
		097CFFF8183B5DD200F5FAFF /* AFURLSessionManager.h */ = {isa = PBXFileReference; fileEncoding = 4; lastKnownFileType = sourcecode.c.h; path = AFURLSessionManager.h; sourceTree = "<group>"; };
		097CFFF9183B5DD200F5FAFF /* AFURLSessionManager.m */ = {isa = PBXFileReference; fileEncoding = 4; lastKnownFileType = sourcecode.c.objc; path = AFURLSessionManager.m; sourceTree = "<group>"; };
/* End PBXFileReference section */

/* Begin PBXFrameworksBuildPhase section */
		097CFFA8183B5D1300F5FAFF /* Frameworks */ = {
			isa = PBXFrameworksBuildPhase;
			buildActionMask = 2147483647;
			files = (
				097CFFB1183B5D1300F5FAFF /* CoreGraphics.framework in Frameworks */,
				097CFFB3183B5D1300F5FAFF /* UIKit.framework in Frameworks */,
				097CFFAF183B5D1300F5FAFF /* Foundation.framework in Frameworks */,
			);
			runOnlyForDeploymentPostprocessing = 0;
		};
		097CFFCC183B5D1300F5FAFF /* Frameworks */ = {
			isa = PBXFrameworksBuildPhase;
			buildActionMask = 2147483647;
			files = (
				097CFFD1183B5D1300F5FAFF /* XCTest.framework in Frameworks */,
				097CFFD3183B5D1300F5FAFF /* UIKit.framework in Frameworks */,
				097CFFD2183B5D1300F5FAFF /* Foundation.framework in Frameworks */,
			);
			runOnlyForDeploymentPostprocessing = 0;
		};
/* End PBXFrameworksBuildPhase section */

/* Begin PBXGroup section */
		09206900185A49A40079A625 /* interface */ = {
			isa = PBXGroup;
			children = (
				097CFFC0183B5D1300F5FAFF /* Main_iPhone.storyboard */,
				097CFFC3183B5D1300F5FAFF /* Main_iPad.storyboard */,
				097C000D183B652A00F5FAFF /* SYTableViewController.h */,
				097C000E183B652A00F5FAFF /* SYTableViewController.m */,
				094A0C471842D2C60002D3AE /* SYEditTableViewController.h */,
				094A0C481842D2C60002D3AE /* SYEditTableViewController.m */,
			);
			name = interface;
			path = syncWithAFNetworking;
			sourceTree = "<group>";
		};
		097C0013183B6B2A00F5FAFF /* Add from other project */ = {
			isa = PBXGroup;
			children = (
				097C0003183B64BA00F5FAFF /* DBCoreDataStack.h */,
				097C0004183B64BA00F5FAFF /* DBCoreDataStack.m */,
				097C0010183B6B1B00F5FAFF /* menuCoreDataModel.xcdatamodeld */,
				094A0C441842B6CB0002D3AE /* Drink.h */,
				094A0C451842B6CB0002D3AE /* Drink.m */,
			);
			name = "Add from other project";
			sourceTree = "<group>";
		};
		097C0014183B6B4F00F5FAFF /* syncEngine */ = {
			isa = PBXGroup;
			children = (
				097C0005183B64BA00F5FAFF /* SYCoreDataStackWithSyncStuff.h */,
				097C0006183B64BA00F5FAFF /* SYCoreDataStackWithSyncStuff.m */,
				097C0007183B64BA00F5FAFF /* SYHTTPClient.h */,
				097C0008183B64BA00F5FAFF /* SYHTTPClient.m */,
				097C0009183B64BA00F5FAFF /* SYSyncEngine.h */,
				097C0018183B6D3800F5FAFF /* SYSyncEngine.m */,
				094AB596183F63B40019832B /* SYAddObject.h */,
				094AB597183F63B40019832B /* SYAddObject.m */,
				094AB59F18411C750019832B /* Drink+JSON.h */,
				094AB5A018411C750019832B /* Drink+JSON.m */,
				094AB59918411A950019832B /* NSManagedObject+JSON.h */,
				094AB59A18411A950019832B /* NSManagedObject+JSON.m */,
			);
			name = syncEngine;
			path = ..;
			sourceTree = "<group>";
		};
		097CFFA2183B5D1300F5FAFF = {
			isa = PBXGroup;
			children = (
				09206900185A49A40079A625 /* interface */,
				097C0013183B6B2A00F5FAFF /* Add from other project */,
				097CFFB4183B5D1300F5FAFF /* syncWithAFNetworking */,
				097CFFD6183B5D1300F5FAFF /* syncWithAFNetworkingTests */,
				097CFFAD183B5D1300F5FAFF /* Frameworks */,
				097CFFAC183B5D1300F5FAFF /* Products */,
			);
			sourceTree = "<group>";
		};
		097CFFAC183B5D1300F5FAFF /* Products */ = {
			isa = PBXGroup;
			children = (
				097CFFAB183B5D1300F5FAFF /* syncWithAFNetworking.app */,
				097CFFCF183B5D1300F5FAFF /* syncWithAFNetworkingTests.xctest */,
			);
			name = Products;
			sourceTree = "<group>";
		};
		097CFFAD183B5D1300F5FAFF /* Frameworks */ = {
			isa = PBXGroup;
			children = (
				097CFFE6183B5DD200F5FAFF /* AFNetworking */,
				097CFFAE183B5D1300F5FAFF /* Foundation.framework */,
				097CFFB0183B5D1300F5FAFF /* CoreGraphics.framework */,
				097CFFB2183B5D1300F5FAFF /* UIKit.framework */,
				097CFFD0183B5D1300F5FAFF /* XCTest.framework */,
			);
			name = Frameworks;
			sourceTree = "<group>";
		};
		097CFFB4183B5D1300F5FAFF /* syncWithAFNetworking */ = {
			isa = PBXGroup;
			children = (
				097C0014183B6B4F00F5FAFF /* syncEngine */,
				097CFFBD183B5D1300F5FAFF /* SYAppDelegate.h */,
				097CFFBE183B5D1300F5FAFF /* SYAppDelegate.m */,
				097CFFC9183B5D1300F5FAFF /* Images.xcassets */,
				097CFFB5183B5D1300F5FAFF /* Supporting Files */,
			);
			path = syncWithAFNetworking;
			sourceTree = "<group>";
		};
		097CFFB5183B5D1300F5FAFF /* Supporting Files */ = {
			isa = PBXGroup;
			children = (
				097CFFB6183B5D1300F5FAFF /* syncWithAFNetworking-Info.plist */,
				097CFFB7183B5D1300F5FAFF /* InfoPlist.strings */,
				097CFFBA183B5D1300F5FAFF /* main.m */,
				097CFFBC183B5D1300F5FAFF /* syncWithAFNetworking-Prefix.pch */,
			);
			name = "Supporting Files";
			sourceTree = "<group>";
		};
		097CFFD6183B5D1300F5FAFF /* syncWithAFNetworkingTests */ = {
			isa = PBXGroup;
			children = (
				097CFFDC183B5D1300F5FAFF /* syncWithAFNetworkingTests.m */,
				097CFFD7183B5D1300F5FAFF /* Supporting Files */,
			);
			path = syncWithAFNetworkingTests;
			sourceTree = "<group>";
		};
		097CFFD7183B5D1300F5FAFF /* Supporting Files */ = {
			isa = PBXGroup;
			children = (
				097CFFD8183B5D1300F5FAFF /* syncWithAFNetworkingTests-Info.plist */,
				097CFFD9183B5D1300F5FAFF /* InfoPlist.strings */,
			);
			name = "Supporting Files";
			sourceTree = "<group>";
		};
		097CFFE6183B5DD200F5FAFF /* AFNetworking */ = {
			isa = PBXGroup;
			children = (
				097CFFE7183B5DD200F5FAFF /* AFHTTPRequestOperation.h */,
				097CFFE8183B5DD200F5FAFF /* AFHTTPRequestOperation.m */,
				097CFFE9183B5DD200F5FAFF /* AFHTTPRequestOperationManager.h */,
				097CFFEA183B5DD200F5FAFF /* AFHTTPRequestOperationManager.m */,
				097CFFEB183B5DD200F5FAFF /* AFHTTPSessionManager.h */,
				097CFFEC183B5DD200F5FAFF /* AFHTTPSessionManager.m */,
				097CFFED183B5DD200F5FAFF /* AFNetworking.h */,
				097CFFEE183B5DD200F5FAFF /* AFNetworkReachabilityManager.h */,
				097CFFEF183B5DD200F5FAFF /* AFNetworkReachabilityManager.m */,
				097CFFF0183B5DD200F5FAFF /* AFSecurityPolicy.h */,
				097CFFF1183B5DD200F5FAFF /* AFSecurityPolicy.m */,
				097CFFF2183B5DD200F5FAFF /* AFURLConnectionOperation.h */,
				097CFFF3183B5DD200F5FAFF /* AFURLConnectionOperation.m */,
				097CFFF4183B5DD200F5FAFF /* AFURLRequestSerialization.h */,
				097CFFF5183B5DD200F5FAFF /* AFURLRequestSerialization.m */,
				097CFFF6183B5DD200F5FAFF /* AFURLResponseSerialization.h */,
				097CFFF7183B5DD200F5FAFF /* AFURLResponseSerialization.m */,
				097CFFF8183B5DD200F5FAFF /* AFURLSessionManager.h */,
				097CFFF9183B5DD200F5FAFF /* AFURLSessionManager.m */,
			);
			path = AFNetworking;
			sourceTree = "<group>";
		};
/* End PBXGroup section */

/* Begin PBXNativeTarget section */
		097CFFAA183B5D1300F5FAFF /* syncWithAFNetworking */ = {
			isa = PBXNativeTarget;
			buildConfigurationList = 097CFFE0183B5D1300F5FAFF /* Build configuration list for PBXNativeTarget "syncWithAFNetworking" */;
			buildPhases = (
				097CFFA7183B5D1300F5FAFF /* Sources */,
				097CFFA8183B5D1300F5FAFF /* Frameworks */,
				097CFFA9183B5D1300F5FAFF /* Resources */,
			);
			buildRules = (
			);
			dependencies = (
			);
			name = syncWithAFNetworking;
			productName = syncWithAFNetworking;
			productReference = 097CFFAB183B5D1300F5FAFF /* syncWithAFNetworking.app */;
			productType = "com.apple.product-type.application";
		};
		097CFFCE183B5D1300F5FAFF /* syncWithAFNetworkingTests */ = {
			isa = PBXNativeTarget;
			buildConfigurationList = 097CFFE3183B5D1300F5FAFF /* Build configuration list for PBXNativeTarget "syncWithAFNetworkingTests" */;
			buildPhases = (
				097CFFCB183B5D1300F5FAFF /* Sources */,
				097CFFCC183B5D1300F5FAFF /* Frameworks */,
				097CFFCD183B5D1300F5FAFF /* Resources */,
			);
			buildRules = (
			);
			dependencies = (
				097CFFD5183B5D1300F5FAFF /* PBXTargetDependency */,
			);
			name = syncWithAFNetworkingTests;
			productName = syncWithAFNetworkingTests;
			productReference = 097CFFCF183B5D1300F5FAFF /* syncWithAFNetworkingTests.xctest */;
			productType = "com.apple.product-type.bundle.unit-test";
		};
/* End PBXNativeTarget section */

/* Begin PBXProject section */
		097CFFA3183B5D1300F5FAFF /* Project object */ = {
			isa = PBXProject;
			attributes = {
				CLASSPREFIX = SY;
				LastUpgradeCheck = 0500;
				ORGANIZATIONNAME = "Olivier Delecueillerie";
				TargetAttributes = {
					097CFFCE183B5D1300F5FAFF = {
						TestTargetID = 097CFFAA183B5D1300F5FAFF;
					};
				};
			};
			buildConfigurationList = 097CFFA6183B5D1300F5FAFF /* Build configuration list for PBXProject "syncWithAFNetworking" */;
			compatibilityVersion = "Xcode 3.2";
			developmentRegion = English;
			hasScannedForEncodings = 0;
			knownRegions = (
				en,
				Base,
			);
			mainGroup = 097CFFA2183B5D1300F5FAFF;
			productRefGroup = 097CFFAC183B5D1300F5FAFF /* Products */;
			projectDirPath = "";
			projectRoot = "";
			targets = (
				097CFFAA183B5D1300F5FAFF /* syncWithAFNetworking */,
				097CFFCE183B5D1300F5FAFF /* syncWithAFNetworkingTests */,
			);
		};
/* End PBXProject section */

/* Begin PBXResourcesBuildPhase section */
		097CFFA9183B5D1300F5FAFF /* Resources */ = {
			isa = PBXResourcesBuildPhase;
			buildActionMask = 2147483647;
			files = (
				097CFFC5183B5D1300F5FAFF /* Main_iPad.storyboard in Resources */,
				097CFFCA183B5D1300F5FAFF /* Images.xcassets in Resources */,
				097CFFC2183B5D1300F5FAFF /* Main_iPhone.storyboard in Resources */,
				097CFFB9183B5D1300F5FAFF /* InfoPlist.strings in Resources */,
			);
			runOnlyForDeploymentPostprocessing = 0;
		};
		097CFFCD183B5D1300F5FAFF /* Resources */ = {
			isa = PBXResourcesBuildPhase;
			buildActionMask = 2147483647;
			files = (
				097CFFDB183B5D1300F5FAFF /* InfoPlist.strings in Resources */,
			);
			runOnlyForDeploymentPostprocessing = 0;
		};
/* End PBXResourcesBuildPhase section */

/* Begin PBXSourcesBuildPhase section */
		097CFFA7183B5D1300F5FAFF /* Sources */ = {
			isa = PBXSourcesBuildPhase;
			buildActionMask = 2147483647;
			files = (
				097CFFFA183B5DD200F5FAFF /* AFHTTPRequestOperation.m in Sources */,
				097C000C183B64BA00F5FAFF /* SYHTTPClient.m in Sources */,
				097C000A183B64BA00F5FAFF /* DBCoreDataStack.m in Sources */,
				097CFFFB183B5DD200F5FAFF /* AFHTTPRequestOperationManager.m in Sources */,
				097C0019183B6D3800F5FAFF /* SYSyncEngine.m in Sources */,
				097C000F183B652A00F5FAFF /* SYTableViewController.m in Sources */,
				097CFFFD183B5DD200F5FAFF /* AFNetworkReachabilityManager.m in Sources */,
				097C000B183B64BA00F5FAFF /* SYCoreDataStackWithSyncStuff.m in Sources */,
				097C0001183B5DD200F5FAFF /* AFURLResponseSerialization.m in Sources */,
				094A0C491842D2C60002D3AE /* SYEditTableViewController.m in Sources */,
				094A0C461842B6CB0002D3AE /* Drink.m in Sources */,
				097CFFFF183B5DD200F5FAFF /* AFURLConnectionOperation.m in Sources */,
				094AB598183F63B40019832B /* SYAddObject.m in Sources */,
				094AB59B18411A950019832B /* NSManagedObject+JSON.m in Sources */,
				097CFFFE183B5DD200F5FAFF /* AFSecurityPolicy.m in Sources */,
				097CFFFC183B5DD200F5FAFF /* AFHTTPSessionManager.m in Sources */,
				097C0012183B6B1B00F5FAFF /* menuCoreDataModel.xcdatamodeld in Sources */,
				097C0000183B5DD200F5FAFF /* AFURLRequestSerialization.m in Sources */,
				094AB5A118411C750019832B /* Drink+JSON.m in Sources */,
				097C0002183B5DD200F5FAFF /* AFURLSessionManager.m in Sources */,
				097CFFBF183B5D1300F5FAFF /* SYAppDelegate.m in Sources */,
				097CFFBB183B5D1300F5FAFF /* main.m in Sources */,
			);
			runOnlyForDeploymentPostprocessing = 0;
		};
		097CFFCB183B5D1300F5FAFF /* Sources */ = {
			isa = PBXSourcesBuildPhase;
			buildActionMask = 2147483647;
			files = (
				097CFFDD183B5D1300F5FAFF /* syncWithAFNetworkingTests.m in Sources */,
			);
			runOnlyForDeploymentPostprocessing = 0;
		};
/* End PBXSourcesBuildPhase section */

/* Begin PBXTargetDependency section */
		097CFFD5183B5D1300F5FAFF /* PBXTargetDependency */ = {
			isa = PBXTargetDependency;
			target = 097CFFAA183B5D1300F5FAFF /* syncWithAFNetworking */;
			targetProxy = 097CFFD4183B5D1300F5FAFF /* PBXContainerItemProxy */;
		};
/* End PBXTargetDependency section */

/* Begin PBXVariantGroup section */
		097CFFB7183B5D1300F5FAFF /* InfoPlist.strings */ = {
			isa = PBXVariantGroup;
			children = (
				097CFFB8183B5D1300F5FAFF /* en */,
			);
			name = InfoPlist.strings;
			sourceTree = "<group>";
		};
		097CFFC0183B5D1300F5FAFF /* Main_iPhone.storyboard */ = {
			isa = PBXVariantGroup;
			children = (
				097CFFC1183B5D1300F5FAFF /* Base */,
			);
			name = Main_iPhone.storyboard;
			sourceTree = "<group>";
		};
		097CFFC3183B5D1300F5FAFF /* Main_iPad.storyboard */ = {
			isa = PBXVariantGroup;
			children = (
				097CFFC4183B5D1300F5FAFF /* Base */,
			);
			name = Main_iPad.storyboard;
			sourceTree = "<group>";
		};
		097CFFD9183B5D1300F5FAFF /* InfoPlist.strings */ = {
			isa = PBXVariantGroup;
			children = (
				097CFFDA183B5D1300F5FAFF /* en */,
			);
			name = InfoPlist.strings;
			sourceTree = "<group>";
		};
/* End PBXVariantGroup section */

/* Begin XCBuildConfiguration section */
		097CFFDE183B5D1300F5FAFF /* Debug */ = {
			isa = XCBuildConfiguration;
			buildSettings = {
				ALWAYS_SEARCH_USER_PATHS = NO;
				ARCHS = "$(ARCHS_STANDARD_INCLUDING_64_BIT)";
				CLANG_CXX_LANGUAGE_STANDARD = "gnu++0x";
				CLANG_CXX_LIBRARY = "libc++";
				CLANG_ENABLE_MODULES = YES;
				CLANG_ENABLE_OBJC_ARC = YES;
				CLANG_WARN_BOOL_CONVERSION = YES;
				CLANG_WARN_CONSTANT_CONVERSION = YES;
				CLANG_WARN_DIRECT_OBJC_ISA_USAGE = YES_ERROR;
				CLANG_WARN_EMPTY_BODY = YES;
				CLANG_WARN_ENUM_CONVERSION = YES;
				CLANG_WARN_INT_CONVERSION = YES;
				CLANG_WARN_OBJC_ROOT_CLASS = YES_ERROR;
				CLANG_WARN__DUPLICATE_METHOD_MATCH = YES;
				"CODE_SIGN_IDENTITY[sdk=iphoneos*]" = "iPhone Developer";
				COPY_PHASE_STRIP = NO;
				GCC_C_LANGUAGE_STANDARD = gnu99;
				GCC_DYNAMIC_NO_PIC = NO;
				GCC_OPTIMIZATION_LEVEL = 0;
				GCC_PREPROCESSOR_DEFINITIONS = (
					"DEBUG=1",
					"$(inherited)",
				);
				GCC_SYMBOLS_PRIVATE_EXTERN = NO;
				GCC_WARN_64_TO_32_BIT_CONVERSION = YES;
				GCC_WARN_ABOUT_RETURN_TYPE = YES_ERROR;
				GCC_WARN_UNDECLARED_SELECTOR = YES;
				GCC_WARN_UNINITIALIZED_AUTOS = YES;
				GCC_WARN_UNUSED_FUNCTION = YES;
				GCC_WARN_UNUSED_VARIABLE = YES;
				IPHONEOS_DEPLOYMENT_TARGET = 7.0;
				ONLY_ACTIVE_ARCH = YES;
				SDKROOT = iphoneos;
				TARGETED_DEVICE_FAMILY = "1,2";
			};
			name = Debug;
		};
		097CFFDF183B5D1300F5FAFF /* Release */ = {
			isa = XCBuildConfiguration;
			buildSettings = {
				ALWAYS_SEARCH_USER_PATHS = NO;
				ARCHS = "$(ARCHS_STANDARD_INCLUDING_64_BIT)";
				CLANG_CXX_LANGUAGE_STANDARD = "gnu++0x";
				CLANG_CXX_LIBRARY = "libc++";
				CLANG_ENABLE_MODULES = YES;
				CLANG_ENABLE_OBJC_ARC = YES;
				CLANG_WARN_BOOL_CONVERSION = YES;
				CLANG_WARN_CONSTANT_CONVERSION = YES;
				CLANG_WARN_DIRECT_OBJC_ISA_USAGE = YES_ERROR;
				CLANG_WARN_EMPTY_BODY = YES;
				CLANG_WARN_ENUM_CONVERSION = YES;
				CLANG_WARN_INT_CONVERSION = YES;
				CLANG_WARN_OBJC_ROOT_CLASS = YES_ERROR;
				CLANG_WARN__DUPLICATE_METHOD_MATCH = YES;
				"CODE_SIGN_IDENTITY[sdk=iphoneos*]" = "iPhone Developer";
				COPY_PHASE_STRIP = YES;
				ENABLE_NS_ASSERTIONS = NO;
				GCC_C_LANGUAGE_STANDARD = gnu99;
				GCC_WARN_64_TO_32_BIT_CONVERSION = YES;
				GCC_WARN_ABOUT_RETURN_TYPE = YES_ERROR;
				GCC_WARN_UNDECLARED_SELECTOR = YES;
				GCC_WARN_UNINITIALIZED_AUTOS = YES;
				GCC_WARN_UNUSED_FUNCTION = YES;
				GCC_WARN_UNUSED_VARIABLE = YES;
				IPHONEOS_DEPLOYMENT_TARGET = 7.0;
				SDKROOT = iphoneos;
				TARGETED_DEVICE_FAMILY = "1,2";
				VALIDATE_PRODUCT = YES;
			};
			name = Release;
		};
		097CFFE1183B5D1300F5FAFF /* Debug */ = {
			isa = XCBuildConfiguration;
			buildSettings = {
				ASSETCATALOG_COMPILER_APPICON_NAME = AppIcon;
				ASSETCATALOG_COMPILER_LAUNCHIMAGE_NAME = LaunchImage;
				GCC_PRECOMPILE_PREFIX_HEADER = YES;
				GCC_PREFIX_HEADER = "syncWithAFNetworking/syncWithAFNetworking-Prefix.pch";
				INFOPLIST_FILE = "syncWithAFNetworking/syncWithAFNetworking-Info.plist";
				PRODUCT_NAME = "$(TARGET_NAME)";
				WRAPPER_EXTENSION = app;
			};
			name = Debug;
		};
		097CFFE2183B5D1300F5FAFF /* Release */ = {
			isa = XCBuildConfiguration;
			buildSettings = {
				ASSETCATALOG_COMPILER_APPICON_NAME = AppIcon;
				ASSETCATALOG_COMPILER_LAUNCHIMAGE_NAME = LaunchImage;
				GCC_PRECOMPILE_PREFIX_HEADER = YES;
				GCC_PREFIX_HEADER = "syncWithAFNetworking/syncWithAFNetworking-Prefix.pch";
				INFOPLIST_FILE = "syncWithAFNetworking/syncWithAFNetworking-Info.plist";
				PRODUCT_NAME = "$(TARGET_NAME)";
				WRAPPER_EXTENSION = app;
			};
			name = Release;
		};
		097CFFE4183B5D1300F5FAFF /* Debug */ = {
			isa = XCBuildConfiguration;
			buildSettings = {
				ARCHS = "$(ARCHS_STANDARD_INCLUDING_64_BIT)";
				BUNDLE_LOADER = "$(BUILT_PRODUCTS_DIR)/syncWithAFNetworking.app/syncWithAFNetworking";
				FRAMEWORK_SEARCH_PATHS = (
					"$(SDKROOT)/Developer/Library/Frameworks",
					"$(inherited)",
					"$(DEVELOPER_FRAMEWORKS_DIR)",
				);
				GCC_PRECOMPILE_PREFIX_HEADER = YES;
				GCC_PREFIX_HEADER = "syncWithAFNetworking/syncWithAFNetworking-Prefix.pch";
				GCC_PREPROCESSOR_DEFINITIONS = (
					"DEBUG=1",
					"$(inherited)",
				);
				INFOPLIST_FILE = "syncWithAFNetworkingTests/syncWithAFNetworkingTests-Info.plist";
				PRODUCT_NAME = "$(TARGET_NAME)";
				TEST_HOST = "$(BUNDLE_LOADER)";
				WRAPPER_EXTENSION = xctest;
			};
			name = Debug;
		};
		097CFFE5183B5D1300F5FAFF /* Release */ = {
			isa = XCBuildConfiguration;
			buildSettings = {
				ARCHS = "$(ARCHS_STANDARD_INCLUDING_64_BIT)";
				BUNDLE_LOADER = "$(BUILT_PRODUCTS_DIR)/syncWithAFNetworking.app/syncWithAFNetworking";
				FRAMEWORK_SEARCH_PATHS = (
					"$(SDKROOT)/Developer/Library/Frameworks",
					"$(inherited)",
					"$(DEVELOPER_FRAMEWORKS_DIR)",
				);
				GCC_PRECOMPILE_PREFIX_HEADER = YES;
				GCC_PREFIX_HEADER = "syncWithAFNetworking/syncWithAFNetworking-Prefix.pch";
				INFOPLIST_FILE = "syncWithAFNetworkingTests/syncWithAFNetworkingTests-Info.plist";
				PRODUCT_NAME = "$(TARGET_NAME)";
				TEST_HOST = "$(BUNDLE_LOADER)";
				WRAPPER_EXTENSION = xctest;
			};
			name = Release;
		};
/* End XCBuildConfiguration section */

/* Begin XCConfigurationList section */
		097CFFA6183B5D1300F5FAFF /* Build configuration list for PBXProject "syncWithAFNetworking" */ = {
			isa = XCConfigurationList;
			buildConfigurations = (
				097CFFDE183B5D1300F5FAFF /* Debug */,
				097CFFDF183B5D1300F5FAFF /* Release */,
			);
			defaultConfigurationIsVisible = 0;
			defaultConfigurationName = Release;
		};
		097CFFE0183B5D1300F5FAFF /* Build configuration list for PBXNativeTarget "syncWithAFNetworking" */ = {
			isa = XCConfigurationList;
			buildConfigurations = (
				097CFFE1183B5D1300F5FAFF /* Debug */,
				097CFFE2183B5D1300F5FAFF /* Release */,
			);
			defaultConfigurationIsVisible = 0;
			defaultConfigurationName = Release;
		};
		097CFFE3183B5D1300F5FAFF /* Build configuration list for PBXNativeTarget "syncWithAFNetworkingTests" */ = {
			isa = XCConfigurationList;
			buildConfigurations = (
				097CFFE4183B5D1300F5FAFF /* Debug */,
				097CFFE5183B5D1300F5FAFF /* Release */,
			);
			defaultConfigurationIsVisible = 0;
			defaultConfigurationName = Release;
		};
/* End XCConfigurationList section */

/* Begin XCVersionGroup section */
		097C0010183B6B1B00F5FAFF /* menuCoreDataModel.xcdatamodeld */ = {
			isa = XCVersionGroup;
			children = (
				097C0011183B6B1B00F5FAFF /* menuCoreDataModel.xcdatamodel */,
			);
			currentVersion = 097C0011183B6B1B00F5FAFF /* menuCoreDataModel.xcdatamodel */;
			name = menuCoreDataModel.xcdatamodeld;
			path = syncWithAFNetworking/menuCoreDataModel.xcdatamodeld;
			sourceTree = "<group>";
			versionGroupType = wrapper.xcdatamodel;
		};
/* End XCVersionGroup section */
	};
	rootObject = 097CFFA3183B5D1300F5FAFF /* Project object */;
}
