// !$*UTF8*$!
{
	archiveVersion = 1;
	classes = {
	};
	objectVersion = 46;
	objects = {

/* Begin PBXBuildFile section */
		092D2C95194B3B60004661C2 /* SYSoundCloudHTTPClient.m in Sources */ = {isa = PBXBuildFile; fileRef = 092D2C94194B3B60004661C2 /* SYSoundCloudHTTPClient.m */; };
		092D2C98194C83E6004661C2 /* SYSoundCloudParser.m in Sources */ = {isa = PBXBuildFile; fileRef = 092D2C97194C83E6004661C2 /* SYSoundCloudParser.m */; };
		092D2C9B195056AC004661C2 /* SYSoundCloudSyncEngine.m in Sources */ = {isa = PBXBuildFile; fileRef = 092D2C9A195056AC004661C2 /* SYSoundCloudSyncEngine.m */; };
		092D2CA419508EC7004661C2 /* SYSyncEngine.m in Sources */ = {isa = PBXBuildFile; fileRef = 092D2CA319508EC7004661C2 /* SYSyncEngine.m */; };
		092D2CA71950940E004661C2 /* SYParser.m in Sources */ = {isa = PBXBuildFile; fileRef = 092D2CA61950940E004661C2 /* SYParser.m */; };
		092D2CAA1950942D004661C2 /* SYHTTPClient.m in Sources */ = {isa = PBXBuildFile; fileRef = 092D2CA91950942D004661C2 /* SYHTTPClient.m */; };
		092D2CC719539EB8004661C2 /* SYAppDelegate.m in Sources */ = {isa = PBXBuildFile; fileRef = 092D2CC219539EB8004661C2 /* SYAppDelegate.m */; };
		092D2CC819539EB8004661C2 /* SYDetailTVC.m in Sources */ = {isa = PBXBuildFile; fileRef = 092D2CC419539EB8004661C2 /* SYDetailTVC.m */; };
		092D2CC919539EB8004661C2 /* SYTableViewController.m in Sources */ = {isa = PBXBuildFile; fileRef = 092D2CC619539EB8004661C2 /* SYTableViewController.m */; };
		092D2CCD19539EEE004661C2 /* genericSyncWithAFNetworking.storyboard in Resources */ = {isa = PBXBuildFile; fileRef = 092D2CCB19539EEE004661C2 /* genericSyncWithAFNetworking.storyboard */; };
		092D2CE519542C44004661C2 /* Foundation.framework in Frameworks */ = {isa = PBXBuildFile; fileRef = 097CFFAE183B5D1300F5FAFF /* Foundation.framework */; };
		092D2CEA19542C44004661C2 /* syncWithAFNetworkingLibrary.h in CopyFiles */ = {isa = PBXBuildFile; fileRef = 092D2CE919542C44004661C2 /* syncWithAFNetworkingLibrary.h */; };
		092D2CEC19542C44004661C2 /* syncWithAFNetworkingLibrary.m in Sources */ = {isa = PBXBuildFile; fileRef = 092D2CEB19542C44004661C2 /* syncWithAFNetworkingLibrary.m */; };
		092D2D0919542CB5004661C2 /* SYSyncEngine.m in Sources */ = {isa = PBXBuildFile; fileRef = 092D2CA319508EC7004661C2 /* SYSyncEngine.m */; };
		092D2D0A19542CB5004661C2 /* SYHTTPClient.m in Sources */ = {isa = PBXBuildFile; fileRef = 092D2CA91950942D004661C2 /* SYHTTPClient.m */; };
		092D2D0B19542CB5004661C2 /* SYParser.m in Sources */ = {isa = PBXBuildFile; fileRef = 092D2CA61950940E004661C2 /* SYParser.m */; };
		092D2D0D19542CB5004661C2 /* SYSoundCloudSyncEngine.m in Sources */ = {isa = PBXBuildFile; fileRef = 092D2C9A195056AC004661C2 /* SYSoundCloudSyncEngine.m */; };
		092D2D0E19542CB5004661C2 /* SYSoundCloudParser.m in Sources */ = {isa = PBXBuildFile; fileRef = 092D2C97194C83E6004661C2 /* SYSoundCloudParser.m */; };
		092D2D0F19542CB5004661C2 /* SYSoundCloudHTTPClient.m in Sources */ = {isa = PBXBuildFile; fileRef = 092D2C94194B3B60004661C2 /* SYSoundCloudHTTPClient.m */; };
		092D2D1019542CBD004661C2 /* libcoreDataStackLibrairy.a in Frameworks */ = {isa = PBXBuildFile; fileRef = 092D2CD319539F0F004661C2 /* libcoreDataStackLibrairy.a */; };
		092D2D1219542D37004661C2 /* SYSyncEngine.h in Headers */ = {isa = PBXBuildFile; fileRef = 092D2CA219508E62004661C2 /* SYSyncEngine.h */; settings = {ATTRIBUTES = (Public, ); }; };
		092D2D1319542D37004661C2 /* SYHTTPClient.h in Headers */ = {isa = PBXBuildFile; fileRef = 092D2CA819509421004661C2 /* SYHTTPClient.h */; settings = {ATTRIBUTES = (Public, ); }; };
		092D2D1419542D37004661C2 /* SYParser.h in Headers */ = {isa = PBXBuildFile; fileRef = 092D2CA5195093F9004661C2 /* SYParser.h */; settings = {ATTRIBUTES = (Public, ); }; };
		092D2D1619542D37004661C2 /* SYSoundCloudSyncEngine.h in Headers */ = {isa = PBXBuildFile; fileRef = 092D2C99195056AC004661C2 /* SYSoundCloudSyncEngine.h */; settings = {ATTRIBUTES = (Public, ); }; };
		092D2D1719542D37004661C2 /* SYSoundCloudParser.h in Headers */ = {isa = PBXBuildFile; fileRef = 092D2C96194C83E6004661C2 /* SYSoundCloudParser.h */; settings = {ATTRIBUTES = (Public, ); }; };
		092D2D1819542D37004661C2 /* SYSoundCloudHTTPClient.h in Headers */ = {isa = PBXBuildFile; fileRef = 092D2C93194B3B60004661C2 /* SYSoundCloudHTTPClient.h */; settings = {ATTRIBUTES = (Public, ); }; };
		092D2D1D19545D74004661C2 /* libcoreDataStackLibrairy.a in Frameworks */ = {isa = PBXBuildFile; fileRef = 092D2CD319539F0F004661C2 /* libcoreDataStackLibrairy.a */; };
		094F9C1D1945F6A9000215E8 /* AFHTTPRequestOperation.m in Sources */ = {isa = PBXBuildFile; fileRef = 094F9C0B1945F6A9000215E8 /* AFHTTPRequestOperation.m */; };
		094F9C1E1945F6A9000215E8 /* AFHTTPRequestOperationManager.m in Sources */ = {isa = PBXBuildFile; fileRef = 094F9C0D1945F6A9000215E8 /* AFHTTPRequestOperationManager.m */; };
		094F9C1F1945F6A9000215E8 /* AFHTTPSessionManager.m in Sources */ = {isa = PBXBuildFile; fileRef = 094F9C0F1945F6A9000215E8 /* AFHTTPSessionManager.m */; };
		094F9C201945F6A9000215E8 /* AFNetworkReachabilityManager.m in Sources */ = {isa = PBXBuildFile; fileRef = 094F9C121945F6A9000215E8 /* AFNetworkReachabilityManager.m */; };
		094F9C211945F6A9000215E8 /* AFSecurityPolicy.m in Sources */ = {isa = PBXBuildFile; fileRef = 094F9C141945F6A9000215E8 /* AFSecurityPolicy.m */; };
		094F9C221945F6A9000215E8 /* AFURLConnectionOperation.m in Sources */ = {isa = PBXBuildFile; fileRef = 094F9C161945F6A9000215E8 /* AFURLConnectionOperation.m */; };
		094F9C231945F6A9000215E8 /* AFURLRequestSerialization.m in Sources */ = {isa = PBXBuildFile; fileRef = 094F9C181945F6A9000215E8 /* AFURLRequestSerialization.m */; };
		094F9C241945F6A9000215E8 /* AFURLResponseSerialization.m in Sources */ = {isa = PBXBuildFile; fileRef = 094F9C1A1945F6A9000215E8 /* AFURLResponseSerialization.m */; };
		094F9C251945F6A9000215E8 /* AFURLSessionManager.m in Sources */ = {isa = PBXBuildFile; fileRef = 094F9C1C1945F6A9000215E8 /* AFURLSessionManager.m */; };
		097CFFAF183B5D1300F5FAFF /* Foundation.framework in Frameworks */ = {isa = PBXBuildFile; fileRef = 097CFFAE183B5D1300F5FAFF /* Foundation.framework */; };
		097CFFB1183B5D1300F5FAFF /* CoreGraphics.framework in Frameworks */ = {isa = PBXBuildFile; fileRef = 097CFFB0183B5D1300F5FAFF /* CoreGraphics.framework */; };
		097CFFB3183B5D1300F5FAFF /* UIKit.framework in Frameworks */ = {isa = PBXBuildFile; fileRef = 097CFFB2183B5D1300F5FAFF /* UIKit.framework */; };
		097CFFB9183B5D1300F5FAFF /* InfoPlist.strings in Resources */ = {isa = PBXBuildFile; fileRef = 097CFFB7183B5D1300F5FAFF /* InfoPlist.strings */; };
		097CFFBB183B5D1300F5FAFF /* main.m in Sources */ = {isa = PBXBuildFile; fileRef = 097CFFBA183B5D1300F5FAFF /* main.m */; };
		097CFFCA183B5D1300F5FAFF /* Images.xcassets in Resources */ = {isa = PBXBuildFile; fileRef = 097CFFC9183B5D1300F5FAFF /* Images.xcassets */; };
/* End PBXBuildFile section */

/* Begin PBXContainerItemProxy section */
		092D2CD219539F0F004661C2 /* PBXContainerItemProxy */ = {
			isa = PBXContainerItemProxy;
			containerPortal = 092D2CCE19539F0F004661C2 /* coreDataStack.xcodeproj */;
			proxyType = 2;
			remoteGlobalIDString = 094F9CAF19473B5D000215E8;
			remoteInfo = coreDataStackLibrairy;
		};
		092D2D1B19545D41004661C2 /* PBXContainerItemProxy */ = {
			isa = PBXContainerItemProxy;
			containerPortal = 092D2CCE19539F0F004661C2 /* coreDataStack.xcodeproj */;
			proxyType = 1;
			remoteGlobalIDString = 094F9CAE19473B5D000215E8;
			remoteInfo = coreDataStackLibrairy;
		};
/* End PBXContainerItemProxy section */

/* Begin PBXCopyFilesBuildPhase section */
		092D2CAE1950F4A3004661C2 /* CopyFiles */ = {
			isa = PBXCopyFilesBuildPhase;
			buildActionMask = 2147483647;
			dstPath = "";
			dstSubfolderSpec = 7;
			files = (
			);
			runOnlyForDeploymentPostprocessing = 0;
		};
		092D2CE219542C44004661C2 /* CopyFiles */ = {
			isa = PBXCopyFilesBuildPhase;
			buildActionMask = 2147483647;
			dstPath = "include/$(PRODUCT_NAME)";
			dstSubfolderSpec = 16;
			files = (
				092D2CEA19542C44004661C2 /* syncWithAFNetworkingLibrary.h in CopyFiles */,
			);
			runOnlyForDeploymentPostprocessing = 0;
		};
/* End PBXCopyFilesBuildPhase section */

/* Begin PBXFileReference section */
		092D2C93194B3B60004661C2 /* SYSoundCloudHTTPClient.h */ = {isa = PBXFileReference; fileEncoding = 4; lastKnownFileType = sourcecode.c.h; path = SYSoundCloudHTTPClient.h; sourceTree = "<group>"; };
		092D2C94194B3B60004661C2 /* SYSoundCloudHTTPClient.m */ = {isa = PBXFileReference; fileEncoding = 4; lastKnownFileType = sourcecode.c.objc; path = SYSoundCloudHTTPClient.m; sourceTree = "<group>"; };
		092D2C96194C83E6004661C2 /* SYSoundCloudParser.h */ = {isa = PBXFileReference; fileEncoding = 4; lastKnownFileType = sourcecode.c.h; path = SYSoundCloudParser.h; sourceTree = "<group>"; };
		092D2C97194C83E6004661C2 /* SYSoundCloudParser.m */ = {isa = PBXFileReference; fileEncoding = 4; lastKnownFileType = sourcecode.c.objc; path = SYSoundCloudParser.m; sourceTree = "<group>"; };
		092D2C99195056AC004661C2 /* SYSoundCloudSyncEngine.h */ = {isa = PBXFileReference; fileEncoding = 4; lastKnownFileType = sourcecode.c.h; path = SYSoundCloudSyncEngine.h; sourceTree = "<group>"; };
		092D2C9A195056AC004661C2 /* SYSoundCloudSyncEngine.m */ = {isa = PBXFileReference; fileEncoding = 4; lastKnownFileType = sourcecode.c.objc; path = SYSoundCloudSyncEngine.m; sourceTree = "<group>"; };
		092D2CA219508E62004661C2 /* SYSyncEngine.h */ = {isa = PBXFileReference; fileEncoding = 4; lastKnownFileType = sourcecode.c.h; path = SYSyncEngine.h; sourceTree = "<group>"; };
		092D2CA319508EC7004661C2 /* SYSyncEngine.m */ = {isa = PBXFileReference; fileEncoding = 4; lastKnownFileType = sourcecode.c.objc; path = SYSyncEngine.m; sourceTree = "<group>"; };
		092D2CA5195093F9004661C2 /* SYParser.h */ = {isa = PBXFileReference; fileEncoding = 4; lastKnownFileType = sourcecode.c.h; path = SYParser.h; sourceTree = "<group>"; };
		092D2CA61950940E004661C2 /* SYParser.m */ = {isa = PBXFileReference; fileEncoding = 4; lastKnownFileType = sourcecode.c.objc; path = SYParser.m; sourceTree = "<group>"; };
		092D2CA819509421004661C2 /* SYHTTPClient.h */ = {isa = PBXFileReference; fileEncoding = 4; lastKnownFileType = sourcecode.c.h; path = SYHTTPClient.h; sourceTree = "<group>"; };
		092D2CA91950942D004661C2 /* SYHTTPClient.m */ = {isa = PBXFileReference; fileEncoding = 4; lastKnownFileType = sourcecode.c.objc; path = SYHTTPClient.m; sourceTree = "<group>"; };
		092D2CC119539EB8004661C2 /* SYAppDelegate.h */ = {isa = PBXFileReference; fileEncoding = 4; lastKnownFileType = sourcecode.c.h; name = SYAppDelegate.h; path = syncWithAFNetworking/SYAppDelegate.h; sourceTree = "<group>"; };
		092D2CC219539EB8004661C2 /* SYAppDelegate.m */ = {isa = PBXFileReference; fileEncoding = 4; lastKnownFileType = sourcecode.c.objc; name = SYAppDelegate.m; path = syncWithAFNetworking/SYAppDelegate.m; sourceTree = "<group>"; };
		092D2CC319539EB8004661C2 /* SYDetailTVC.h */ = {isa = PBXFileReference; fileEncoding = 4; lastKnownFileType = sourcecode.c.h; name = SYDetailTVC.h; path = syncWithAFNetworking/SYDetailTVC.h; sourceTree = "<group>"; };
		092D2CC419539EB8004661C2 /* SYDetailTVC.m */ = {isa = PBXFileReference; fileEncoding = 4; lastKnownFileType = sourcecode.c.objc; name = SYDetailTVC.m; path = syncWithAFNetworking/SYDetailTVC.m; sourceTree = "<group>"; };
		092D2CC519539EB8004661C2 /* SYTableViewController.h */ = {isa = PBXFileReference; fileEncoding = 4; lastKnownFileType = sourcecode.c.h; name = SYTableViewController.h; path = syncWithAFNetworking/SYTableViewController.h; sourceTree = "<group>"; };
		092D2CC619539EB8004661C2 /* SYTableViewController.m */ = {isa = PBXFileReference; fileEncoding = 4; lastKnownFileType = sourcecode.c.objc; name = SYTableViewController.m; path = syncWithAFNetworking/SYTableViewController.m; sourceTree = "<group>"; };
		092D2CCC19539EEE004661C2 /* Base */ = {isa = PBXFileReference; lastKnownFileType = file.storyboard; name = Base; path = syncWithAFNetworking/Base.lproj/genericSyncWithAFNetworking.storyboard; sourceTree = "<group>"; };
		092D2CCE19539F0F004661C2 /* coreDataStack.xcodeproj */ = {isa = PBXFileReference; lastKnownFileType = "wrapper.pb-project"; name = coreDataStack.xcodeproj; path = addOn/coreDataStack/coreDataStack.xcodeproj; sourceTree = "<group>"; };
		092D2CDD19542B06004661C2 /* APIKey.h */ = {isa = PBXFileReference; lastKnownFileType = sourcecode.c.h; name = APIKey.h; path = ../../../APIKey.h; sourceTree = "<group>"; };
		092D2CE419542C44004661C2 /* libsyncWithAFNetworkingLibrary.a */ = {isa = PBXFileReference; explicitFileType = archive.ar; includeInIndex = 0; path = libsyncWithAFNetworkingLibrary.a; sourceTree = BUILT_PRODUCTS_DIR; };
		092D2CE819542C44004661C2 /* syncWithAFNetworkingLibrary-Prefix.pch */ = {isa = PBXFileReference; lastKnownFileType = sourcecode.c.h; path = "syncWithAFNetworkingLibrary-Prefix.pch"; sourceTree = "<group>"; };
		092D2CE919542C44004661C2 /* syncWithAFNetworkingLibrary.h */ = {isa = PBXFileReference; lastKnownFileType = sourcecode.c.h; path = syncWithAFNetworkingLibrary.h; sourceTree = "<group>"; };
		092D2CEB19542C44004661C2 /* syncWithAFNetworkingLibrary.m */ = {isa = PBXFileReference; lastKnownFileType = sourcecode.c.objc; path = syncWithAFNetworkingLibrary.m; sourceTree = "<group>"; };
		092D2CF219542C44004661C2 /* XCTest.framework */ = {isa = PBXFileReference; lastKnownFileType = wrapper.framework; name = XCTest.framework; path = Library/Frameworks/XCTest.framework; sourceTree = DEVELOPER_DIR; };
		092D2CFB19542C44004661C2 /* syncWithAFNetworkingLibraryTests-Info.plist */ = {isa = PBXFileReference; lastKnownFileType = text.plist.xml; path = "syncWithAFNetworkingLibraryTests-Info.plist"; sourceTree = "<group>"; };
		092D2CFD19542C44004661C2 /* en */ = {isa = PBXFileReference; lastKnownFileType = text.plist.strings; name = en; path = en.lproj/InfoPlist.strings; sourceTree = "<group>"; };
		092D2CFF19542C44004661C2 /* syncWithAFNetworkingLibraryTests.m */ = {isa = PBXFileReference; lastKnownFileType = sourcecode.c.objc; path = syncWithAFNetworkingLibraryTests.m; sourceTree = "<group>"; };
		094F9C0A1945F6A9000215E8 /* AFHTTPRequestOperation.h */ = {isa = PBXFileReference; fileEncoding = 4; lastKnownFileType = sourcecode.c.h; path = AFHTTPRequestOperation.h; sourceTree = "<group>"; };
		094F9C0B1945F6A9000215E8 /* AFHTTPRequestOperation.m */ = {isa = PBXFileReference; fileEncoding = 4; lastKnownFileType = sourcecode.c.objc; path = AFHTTPRequestOperation.m; sourceTree = "<group>"; };
		094F9C0C1945F6A9000215E8 /* AFHTTPRequestOperationManager.h */ = {isa = PBXFileReference; fileEncoding = 4; lastKnownFileType = sourcecode.c.h; path = AFHTTPRequestOperationManager.h; sourceTree = "<group>"; };
		094F9C0D1945F6A9000215E8 /* AFHTTPRequestOperationManager.m */ = {isa = PBXFileReference; fileEncoding = 4; lastKnownFileType = sourcecode.c.objc; path = AFHTTPRequestOperationManager.m; sourceTree = "<group>"; };
		094F9C0E1945F6A9000215E8 /* AFHTTPSessionManager.h */ = {isa = PBXFileReference; fileEncoding = 4; lastKnownFileType = sourcecode.c.h; path = AFHTTPSessionManager.h; sourceTree = "<group>"; };
		094F9C0F1945F6A9000215E8 /* AFHTTPSessionManager.m */ = {isa = PBXFileReference; fileEncoding = 4; lastKnownFileType = sourcecode.c.objc; path = AFHTTPSessionManager.m; sourceTree = "<group>"; };
		094F9C101945F6A9000215E8 /* AFNetworking.h */ = {isa = PBXFileReference; fileEncoding = 4; lastKnownFileType = sourcecode.c.h; path = AFNetworking.h; sourceTree = "<group>"; };
		094F9C111945F6A9000215E8 /* AFNetworkReachabilityManager.h */ = {isa = PBXFileReference; fileEncoding = 4; lastKnownFileType = sourcecode.c.h; path = AFNetworkReachabilityManager.h; sourceTree = "<group>"; };
		094F9C121945F6A9000215E8 /* AFNetworkReachabilityManager.m */ = {isa = PBXFileReference; fileEncoding = 4; lastKnownFileType = sourcecode.c.objc; path = AFNetworkReachabilityManager.m; sourceTree = "<group>"; };
		094F9C131945F6A9000215E8 /* AFSecurityPolicy.h */ = {isa = PBXFileReference; fileEncoding = 4; lastKnownFileType = sourcecode.c.h; path = AFSecurityPolicy.h; sourceTree = "<group>"; };
		094F9C141945F6A9000215E8 /* AFSecurityPolicy.m */ = {isa = PBXFileReference; fileEncoding = 4; lastKnownFileType = sourcecode.c.objc; path = AFSecurityPolicy.m; sourceTree = "<group>"; };
		094F9C151945F6A9000215E8 /* AFURLConnectionOperation.h */ = {isa = PBXFileReference; fileEncoding = 4; lastKnownFileType = sourcecode.c.h; path = AFURLConnectionOperation.h; sourceTree = "<group>"; };
		094F9C161945F6A9000215E8 /* AFURLConnectionOperation.m */ = {isa = PBXFileReference; fileEncoding = 4; lastKnownFileType = sourcecode.c.objc; path = AFURLConnectionOperation.m; sourceTree = "<group>"; };
		094F9C171945F6A9000215E8 /* AFURLRequestSerialization.h */ = {isa = PBXFileReference; fileEncoding = 4; lastKnownFileType = sourcecode.c.h; path = AFURLRequestSerialization.h; sourceTree = "<group>"; };
		094F9C181945F6A9000215E8 /* AFURLRequestSerialization.m */ = {isa = PBXFileReference; fileEncoding = 4; lastKnownFileType = sourcecode.c.objc; path = AFURLRequestSerialization.m; sourceTree = "<group>"; };
		094F9C191945F6A9000215E8 /* AFURLResponseSerialization.h */ = {isa = PBXFileReference; fileEncoding = 4; lastKnownFileType = sourcecode.c.h; path = AFURLResponseSerialization.h; sourceTree = "<group>"; };
		094F9C1A1945F6A9000215E8 /* AFURLResponseSerialization.m */ = {isa = PBXFileReference; fileEncoding = 4; lastKnownFileType = sourcecode.c.objc; path = AFURLResponseSerialization.m; sourceTree = "<group>"; };
		094F9C1B1945F6A9000215E8 /* AFURLSessionManager.h */ = {isa = PBXFileReference; fileEncoding = 4; lastKnownFileType = sourcecode.c.h; path = AFURLSessionManager.h; sourceTree = "<group>"; };
		094F9C1C1945F6A9000215E8 /* AFURLSessionManager.m */ = {isa = PBXFileReference; fileEncoding = 4; lastKnownFileType = sourcecode.c.objc; path = AFURLSessionManager.m; sourceTree = "<group>"; };
		097CFFAB183B5D1300F5FAFF /* syncWithAFNetworking.app */ = {isa = PBXFileReference; explicitFileType = wrapper.application; includeInIndex = 0; path = syncWithAFNetworking.app; sourceTree = BUILT_PRODUCTS_DIR; };
		097CFFAE183B5D1300F5FAFF /* Foundation.framework */ = {isa = PBXFileReference; lastKnownFileType = wrapper.framework; name = Foundation.framework; path = System/Library/Frameworks/Foundation.framework; sourceTree = SDKROOT; };
		097CFFB0183B5D1300F5FAFF /* CoreGraphics.framework */ = {isa = PBXFileReference; lastKnownFileType = wrapper.framework; name = CoreGraphics.framework; path = System/Library/Frameworks/CoreGraphics.framework; sourceTree = SDKROOT; };
		097CFFB2183B5D1300F5FAFF /* UIKit.framework */ = {isa = PBXFileReference; lastKnownFileType = wrapper.framework; name = UIKit.framework; path = System/Library/Frameworks/UIKit.framework; sourceTree = SDKROOT; };
		097CFFB6183B5D1300F5FAFF /* syncWithAFNetworking-Info.plist */ = {isa = PBXFileReference; lastKnownFileType = text.plist.xml; path = "syncWithAFNetworking-Info.plist"; sourceTree = "<group>"; };
		097CFFB8183B5D1300F5FAFF /* en */ = {isa = PBXFileReference; lastKnownFileType = text.plist.strings; name = en; path = en.lproj/InfoPlist.strings; sourceTree = "<group>"; };
		097CFFBA183B5D1300F5FAFF /* main.m */ = {isa = PBXFileReference; lastKnownFileType = sourcecode.c.objc; path = main.m; sourceTree = "<group>"; };
		097CFFBC183B5D1300F5FAFF /* syncWithAFNetworking-Prefix.pch */ = {isa = PBXFileReference; lastKnownFileType = sourcecode.c.h; path = "syncWithAFNetworking-Prefix.pch"; sourceTree = "<group>"; };
		097CFFC9183B5D1300F5FAFF /* Images.xcassets */ = {isa = PBXFileReference; lastKnownFileType = folder.assetcatalog; path = Images.xcassets; sourceTree = "<group>"; };
/* End PBXFileReference section */

/* Begin PBXFrameworksBuildPhase section */
		092D2CE119542C44004661C2 /* Frameworks */ = {
			isa = PBXFrameworksBuildPhase;
			buildActionMask = 2147483647;
			files = (
				092D2D1019542CBD004661C2 /* libcoreDataStackLibrairy.a in Frameworks */,
				092D2CE519542C44004661C2 /* Foundation.framework in Frameworks */,
			);
			runOnlyForDeploymentPostprocessing = 0;
		};
		097CFFA8183B5D1300F5FAFF /* Frameworks */ = {
			isa = PBXFrameworksBuildPhase;
			buildActionMask = 2147483647;
			files = (
				092D2D1D19545D74004661C2 /* libcoreDataStackLibrairy.a in Frameworks */,
				097CFFB1183B5D1300F5FAFF /* CoreGraphics.framework in Frameworks */,
				097CFFB3183B5D1300F5FAFF /* UIKit.framework in Frameworks */,
				097CFFAF183B5D1300F5FAFF /* Foundation.framework in Frameworks */,
			);
			runOnlyForDeploymentPostprocessing = 0;
		};
/* End PBXFrameworksBuildPhase section */

/* Begin PBXGroup section */
		092D2C9D1950577B004661C2 /* soundCloud */ = {
			isa = PBXGroup;
			children = (
				092D2C99195056AC004661C2 /* SYSoundCloudSyncEngine.h */,
				092D2C9A195056AC004661C2 /* SYSoundCloudSyncEngine.m */,
				092D2C96194C83E6004661C2 /* SYSoundCloudParser.h */,
				092D2C97194C83E6004661C2 /* SYSoundCloudParser.m */,
				092D2C93194B3B60004661C2 /* SYSoundCloudHTTPClient.h */,
				092D2C94194B3B60004661C2 /* SYSoundCloudHTTPClient.m */,
			);
			name = soundCloud;
			sourceTree = "<group>";
		};
		092D2CCA19539EC7004661C2 /* UIForTestPurpose */ = {
			isa = PBXGroup;
			children = (
				092D2CCB19539EEE004661C2 /* genericSyncWithAFNetworking.storyboard */,
				092D2CC119539EB8004661C2 /* SYAppDelegate.h */,
				092D2CC219539EB8004661C2 /* SYAppDelegate.m */,
				092D2CC319539EB8004661C2 /* SYDetailTVC.h */,
				092D2CC419539EB8004661C2 /* SYDetailTVC.m */,
				092D2CC519539EB8004661C2 /* SYTableViewController.h */,
				092D2CC619539EB8004661C2 /* SYTableViewController.m */,
			);
			name = UIForTestPurpose;
			sourceTree = "<group>";
		};
		092D2CCF19539F0F004661C2 /* Products */ = {
			isa = PBXGroup;
			children = (
				092D2CD319539F0F004661C2 /* libcoreDataStackLibrairy.a */,
			);
			name = Products;
			sourceTree = "<group>";
		};
		092D2CE619542C44004661C2 /* syncWithAFNetworkingLibrary */ = {
			isa = PBXGroup;
			children = (
				092D2CE919542C44004661C2 /* syncWithAFNetworkingLibrary.h */,
				092D2CEB19542C44004661C2 /* syncWithAFNetworkingLibrary.m */,
				092D2CE719542C44004661C2 /* Supporting Files */,
			);
			path = syncWithAFNetworkingLibrary;
			sourceTree = "<group>";
		};
		092D2CE719542C44004661C2 /* Supporting Files */ = {
			isa = PBXGroup;
			children = (
				092D2CE819542C44004661C2 /* syncWithAFNetworkingLibrary-Prefix.pch */,
			);
			name = "Supporting Files";
			sourceTree = "<group>";
		};
		092D2CF919542C44004661C2 /* syncWithAFNetworkingLibraryTests */ = {
			isa = PBXGroup;
			children = (
				092D2CFF19542C44004661C2 /* syncWithAFNetworkingLibraryTests.m */,
				092D2CFA19542C44004661C2 /* Supporting Files */,
			);
			path = syncWithAFNetworkingLibraryTests;
			sourceTree = "<group>";
		};
		092D2CFA19542C44004661C2 /* Supporting Files */ = {
			isa = PBXGroup;
			children = (
				092D2CFB19542C44004661C2 /* syncWithAFNetworkingLibraryTests-Info.plist */,
				092D2CFC19542C44004661C2 /* InfoPlist.strings */,
			);
			name = "Supporting Files";
			sourceTree = "<group>";
		};
		094F9C091945F6A9000215E8 /* AFNetworking */ = {
			isa = PBXGroup;
			children = (
				094F9C0A1945F6A9000215E8 /* AFHTTPRequestOperation.h */,
				094F9C0B1945F6A9000215E8 /* AFHTTPRequestOperation.m */,
				094F9C0C1945F6A9000215E8 /* AFHTTPRequestOperationManager.h */,
				094F9C0D1945F6A9000215E8 /* AFHTTPRequestOperationManager.m */,
				094F9C0E1945F6A9000215E8 /* AFHTTPSessionManager.h */,
				094F9C0F1945F6A9000215E8 /* AFHTTPSessionManager.m */,
				094F9C101945F6A9000215E8 /* AFNetworking.h */,
				094F9C111945F6A9000215E8 /* AFNetworkReachabilityManager.h */,
				094F9C121945F6A9000215E8 /* AFNetworkReachabilityManager.m */,
				094F9C131945F6A9000215E8 /* AFSecurityPolicy.h */,
				094F9C141945F6A9000215E8 /* AFSecurityPolicy.m */,
				094F9C151945F6A9000215E8 /* AFURLConnectionOperation.h */,
				094F9C161945F6A9000215E8 /* AFURLConnectionOperation.m */,
				094F9C171945F6A9000215E8 /* AFURLRequestSerialization.h */,
				094F9C181945F6A9000215E8 /* AFURLRequestSerialization.m */,
				094F9C191945F6A9000215E8 /* AFURLResponseSerialization.h */,
				094F9C1A1945F6A9000215E8 /* AFURLResponseSerialization.m */,
				094F9C1B1945F6A9000215E8 /* AFURLSessionManager.h */,
				094F9C1C1945F6A9000215E8 /* AFURLSessionManager.m */,
			);
			path = AFNetworking;
			sourceTree = "<group>";
		};
		097CFFA2183B5D1300F5FAFF = {
			isa = PBXGroup;
			children = (
				092D2CDD19542B06004661C2 /* APIKey.h */,
				092D2CCE19539F0F004661C2 /* coreDataStack.xcodeproj */,
				092D2CCA19539EC7004661C2 /* UIForTestPurpose */,
				097CFFB4183B5D1300F5FAFF /* syncWithAFNetworking */,
				092D2CE619542C44004661C2 /* syncWithAFNetworkingLibrary */,
				092D2CF919542C44004661C2 /* syncWithAFNetworkingLibraryTests */,
				097CFFAD183B5D1300F5FAFF /* Frameworks */,
				097CFFAC183B5D1300F5FAFF /* Products */,
			);
			sourceTree = "<group>";
		};
		097CFFAC183B5D1300F5FAFF /* Products */ = {
			isa = PBXGroup;
			children = (
				097CFFAB183B5D1300F5FAFF /* syncWithAFNetworking.app */,
				092D2CE419542C44004661C2 /* libsyncWithAFNetworkingLibrary.a */,
			);
			name = Products;
			sourceTree = "<group>";
		};
		097CFFAD183B5D1300F5FAFF /* Frameworks */ = {
			isa = PBXGroup;
			children = (
				094F9C091945F6A9000215E8 /* AFNetworking */,
				097CFFAE183B5D1300F5FAFF /* Foundation.framework */,
				097CFFB0183B5D1300F5FAFF /* CoreGraphics.framework */,
				097CFFB2183B5D1300F5FAFF /* UIKit.framework */,
				092D2CF219542C44004661C2 /* XCTest.framework */,
			);
			name = Frameworks;
			sourceTree = "<group>";
		};
		097CFFB4183B5D1300F5FAFF /* syncWithAFNetworking */ = {
			isa = PBXGroup;
			children = (
				092D2CA219508E62004661C2 /* SYSyncEngine.h */,
				092D2CA319508EC7004661C2 /* SYSyncEngine.m */,
				092D2CA819509421004661C2 /* SYHTTPClient.h */,
				092D2CA91950942D004661C2 /* SYHTTPClient.m */,
				092D2CA5195093F9004661C2 /* SYParser.h */,
				092D2CA61950940E004661C2 /* SYParser.m */,
				092D2C9D1950577B004661C2 /* soundCloud */,
				097CFFC9183B5D1300F5FAFF /* Images.xcassets */,
				097CFFB5183B5D1300F5FAFF /* Supporting Files */,
			);
			path = syncWithAFNetworking;
			sourceTree = "<group>";
		};
		097CFFB5183B5D1300F5FAFF /* Supporting Files */ = {
			isa = PBXGroup;
			children = (
				097CFFB6183B5D1300F5FAFF /* syncWithAFNetworking-Info.plist */,
				097CFFB7183B5D1300F5FAFF /* InfoPlist.strings */,
				097CFFBA183B5D1300F5FAFF /* main.m */,
				097CFFBC183B5D1300F5FAFF /* syncWithAFNetworking-Prefix.pch */,
			);
			name = "Supporting Files";
			sourceTree = "<group>";
		};
/* End PBXGroup section */

/* Begin PBXHeadersBuildPhase section */
		092D2CDF19542B85004661C2 /* Headers */ = {
			isa = PBXHeadersBuildPhase;
			buildActionMask = 2147483647;
			files = (
			);
			runOnlyForDeploymentPostprocessing = 0;
		};
		092D2D1119542D16004661C2 /* Headers */ = {
			isa = PBXHeadersBuildPhase;
			buildActionMask = 2147483647;
			files = (
				092D2D1219542D37004661C2 /* SYSyncEngine.h in Headers */,
				092D2D1319542D37004661C2 /* SYHTTPClient.h in Headers */,
				092D2D1419542D37004661C2 /* SYParser.h in Headers */,
				092D2D1619542D37004661C2 /* SYSoundCloudSyncEngine.h in Headers */,
				092D2D1719542D37004661C2 /* SYSoundCloudParser.h in Headers */,
				092D2D1819542D37004661C2 /* SYSoundCloudHTTPClient.h in Headers */,
			);
			runOnlyForDeploymentPostprocessing = 0;
		};
/* End PBXHeadersBuildPhase section */

/* Begin PBXNativeTarget section */
		092D2CE319542C44004661C2 /* syncWithAFNetworkingLibrary */ = {
			isa = PBXNativeTarget;
			buildConfigurationList = 092D2D0119542C44004661C2 /* Build configuration list for PBXNativeTarget "syncWithAFNetworkingLibrary" */;
			buildPhases = (
				092D2CE019542C44004661C2 /* Sources */,
				092D2CE119542C44004661C2 /* Frameworks */,
				092D2CE219542C44004661C2 /* CopyFiles */,
				092D2D1119542D16004661C2 /* Headers */,
			);
			buildRules = (
			);
			dependencies = (
			);
			name = syncWithAFNetworkingLibrary;
			productName = syncWithAFNetworkingLibrary;
			productReference = 092D2CE419542C44004661C2 /* libsyncWithAFNetworkingLibrary.a */;
			productType = "com.apple.product-type.library.static";
		};
		097CFFAA183B5D1300F5FAFF /* syncWithAFNetworking */ = {
			isa = PBXNativeTarget;
			buildConfigurationList = 097CFFE0183B5D1300F5FAFF /* Build configuration list for PBXNativeTarget "syncWithAFNetworking" */;
			buildPhases = (
				097CFFA7183B5D1300F5FAFF /* Sources */,
				097CFFA8183B5D1300F5FAFF /* Frameworks */,
				097CFFA9183B5D1300F5FAFF /* Resources */,
				092D2CAE1950F4A3004661C2 /* CopyFiles */,
				092D2CDF19542B85004661C2 /* Headers */,
			);
			buildRules = (
			);
			dependencies = (
				092D2D1C19545D41004661C2 /* PBXTargetDependency */,
			);
			name = syncWithAFNetworking;
			productName = syncWithAFNetworking;
			productReference = 097CFFAB183B5D1300F5FAFF /* syncWithAFNetworking.app */;
			productType = "com.apple.product-type.application";
		};
/* End PBXNativeTarget section */

/* Begin PBXProject section */
		097CFFA3183B5D1300F5FAFF /* Project object */ = {
			isa = PBXProject;
			attributes = {
				CLASSPREFIX = SY;
				LastUpgradeCheck = 0510;
				ORGANIZATIONNAME = "Olivier Delecueillerie";
			};
			buildConfigurationList = 097CFFA6183B5D1300F5FAFF /* Build configuration list for PBXProject "syncWithAFNetworking" */;
			compatibilityVersion = "Xcode 3.2";
			developmentRegion = English;
			hasScannedForEncodings = 0;
			knownRegions = (
				en,
				Base,
			);
			mainGroup = 097CFFA2183B5D1300F5FAFF;
			productRefGroup = 097CFFAC183B5D1300F5FAFF /* Products */;
			projectDirPath = "";
			projectReferences = (
				{
					ProductGroup = 092D2CCF19539F0F004661C2 /* Products */;
					ProjectRef = 092D2CCE19539F0F004661C2 /* coreDataStack.xcodeproj */;
				},
			);
			projectRoot = "";
			targets = (
				097CFFAA183B5D1300F5FAFF /* syncWithAFNetworking */,
				092D2CE319542C44004661C2 /* syncWithAFNetworkingLibrary */,
			);
		};
/* End PBXProject section */

/* Begin PBXReferenceProxy section */
		092D2CD319539F0F004661C2 /* libcoreDataStackLibrairy.a */ = {
			isa = PBXReferenceProxy;
			fileType = archive.ar;
			path = libcoreDataStackLibrairy.a;
			remoteRef = 092D2CD219539F0F004661C2 /* PBXContainerItemProxy */;
			sourceTree = BUILT_PRODUCTS_DIR;
		};
/* End PBXReferenceProxy section */

/* Begin PBXResourcesBuildPhase section */
		097CFFA9183B5D1300F5FAFF /* Resources */ = {
			isa = PBXResourcesBuildPhase;
			buildActionMask = 2147483647;
			files = (
				092D2CCD19539EEE004661C2 /* genericSyncWithAFNetworking.storyboard in Resources */,
				097CFFCA183B5D1300F5FAFF /* Images.xcassets in Resources */,
				097CFFB9183B5D1300F5FAFF /* InfoPlist.strings in Resources */,
			);
			runOnlyForDeploymentPostprocessing = 0;
		};
/* End PBXResourcesBuildPhase section */

/* Begin PBXSourcesBuildPhase section */
		092D2CE019542C44004661C2 /* Sources */ = {
			isa = PBXSourcesBuildPhase;
			buildActionMask = 2147483647;
			files = (
				092D2D0919542CB5004661C2 /* SYSyncEngine.m in Sources */,
				092D2D0A19542CB5004661C2 /* SYHTTPClient.m in Sources */,
				092D2D0B19542CB5004661C2 /* SYParser.m in Sources */,
				092D2D0D19542CB5004661C2 /* SYSoundCloudSyncEngine.m in Sources */,
				092D2D0E19542CB5004661C2 /* SYSoundCloudParser.m in Sources */,
				092D2D0F19542CB5004661C2 /* SYSoundCloudHTTPClient.m in Sources */,
				092D2CEC19542C44004661C2 /* syncWithAFNetworkingLibrary.m in Sources */,
			);
			runOnlyForDeploymentPostprocessing = 0;
		};
		097CFFA7183B5D1300F5FAFF /* Sources */ = {
			isa = PBXSourcesBuildPhase;
			buildActionMask = 2147483647;
			files = (
				094F9C211945F6A9000215E8 /* AFSecurityPolicy.m in Sources */,
				092D2CC919539EB8004661C2 /* SYTableViewController.m in Sources */,
				094F9C221945F6A9000215E8 /* AFURLConnectionOperation.m in Sources */,
				092D2CA419508EC7004661C2 /* SYSyncEngine.m in Sources */,
				094F9C251945F6A9000215E8 /* AFURLSessionManager.m in Sources */,
				092D2C95194B3B60004661C2 /* SYSoundCloudHTTPClient.m in Sources */,
				094F9C241945F6A9000215E8 /* AFURLResponseSerialization.m in Sources */,
				094F9C1E1945F6A9000215E8 /* AFHTTPRequestOperationManager.m in Sources */,
				094F9C1D1945F6A9000215E8 /* AFHTTPRequestOperation.m in Sources */,
				094F9C201945F6A9000215E8 /* AFNetworkReachabilityManager.m in Sources */,
				092D2CC819539EB8004661C2 /* SYDetailTVC.m in Sources */,
				092D2CAA1950942D004661C2 /* SYHTTPClient.m in Sources */,
				092D2CA71950940E004661C2 /* SYParser.m in Sources */,
				092D2C9B195056AC004661C2 /* SYSoundCloudSyncEngine.m in Sources */,
				092D2C98194C83E6004661C2 /* SYSoundCloudParser.m in Sources */,
				097CFFBB183B5D1300F5FAFF /* main.m in Sources */,
				094F9C231945F6A9000215E8 /* AFURLRequestSerialization.m in Sources */,
				092D2CC719539EB8004661C2 /* SYAppDelegate.m in Sources */,
				094F9C1F1945F6A9000215E8 /* AFHTTPSessionManager.m in Sources */,
			);
			runOnlyForDeploymentPostprocessing = 0;
		};
/* End PBXSourcesBuildPhase section */

/* Begin PBXTargetDependency section */
		092D2D1C19545D41004661C2 /* PBXTargetDependency */ = {
			isa = PBXTargetDependency;
			name = coreDataStackLibrairy;
			targetProxy = 092D2D1B19545D41004661C2 /* PBXContainerItemProxy */;
		};
/* End PBXTargetDependency section */

/* Begin PBXVariantGroup section */
		092D2CCB19539EEE004661C2 /* genericSyncWithAFNetworking.storyboard */ = {
			isa = PBXVariantGroup;
			children = (
				092D2CCC19539EEE004661C2 /* Base */,
			);
			name = genericSyncWithAFNetworking.storyboard;
			sourceTree = "<group>";
		};
		092D2CFC19542C44004661C2 /* InfoPlist.strings */ = {
			isa = PBXVariantGroup;
			children = (
				092D2CFD19542C44004661C2 /* en */,
			);
			name = InfoPlist.strings;
			sourceTree = "<group>";
		};
		097CFFB7183B5D1300F5FAFF /* InfoPlist.strings */ = {
			isa = PBXVariantGroup;
			children = (
				097CFFB8183B5D1300F5FAFF /* en */,
			);
			name = InfoPlist.strings;
			sourceTree = "<group>";
		};
/* End PBXVariantGroup section */

/* Begin XCBuildConfiguration section */
		092D2D0219542C44004661C2 /* Debug */ = {
			isa = XCBuildConfiguration;
			buildSettings = {
				DSTROOT = /tmp/syncWithAFNetworkingLibrary.dst;
				GCC_PRECOMPILE_PREFIX_HEADER = YES;
				GCC_PREFIX_HEADER = "syncWithAFNetworkingLibrary/syncWithAFNetworkingLibrary-Prefix.pch";
				GCC_PREPROCESSOR_DEFINITIONS = (
					"DEBUG=1",
					"$(inherited)",
				);
				GCC_WARN_UNINITIALIZED_AUTOS = YES_AGGRESSIVE;
				IPHONEOS_DEPLOYMENT_TARGET = 7.1;
				OTHER_LDFLAGS = "-ObjC";
				PRODUCT_NAME = "$(TARGET_NAME)";
				SKIP_INSTALL = YES;
			};
			name = Debug;
		};
		092D2D0319542C44004661C2 /* Release */ = {
			isa = XCBuildConfiguration;
			buildSettings = {
				DSTROOT = /tmp/syncWithAFNetworkingLibrary.dst;
				GCC_PRECOMPILE_PREFIX_HEADER = YES;
				GCC_PREFIX_HEADER = "syncWithAFNetworkingLibrary/syncWithAFNetworkingLibrary-Prefix.pch";
				GCC_WARN_UNINITIALIZED_AUTOS = YES_AGGRESSIVE;
				IPHONEOS_DEPLOYMENT_TARGET = 7.1;
				OTHER_LDFLAGS = "-ObjC";
				PRODUCT_NAME = "$(TARGET_NAME)";
				SKIP_INSTALL = YES;
			};
			name = Release;
		};
		097CFFDE183B5D1300F5FAFF /* Debug */ = {
			isa = XCBuildConfiguration;
			buildSettings = {
				ALWAYS_SEARCH_USER_PATHS = NO;
				CLANG_CXX_LANGUAGE_STANDARD = "gnu++0x";
				CLANG_CXX_LIBRARY = "libc++";
				CLANG_ENABLE_MODULES = YES;
				CLANG_ENABLE_OBJC_ARC = YES;
				CLANG_WARN_BOOL_CONVERSION = YES;
				CLANG_WARN_CONSTANT_CONVERSION = YES;
				CLANG_WARN_DIRECT_OBJC_ISA_USAGE = YES_ERROR;
				CLANG_WARN_EMPTY_BODY = YES;
				CLANG_WARN_ENUM_CONVERSION = YES;
				CLANG_WARN_INT_CONVERSION = YES;
				CLANG_WARN_OBJC_ROOT_CLASS = YES_ERROR;
				CLANG_WARN__DUPLICATE_METHOD_MATCH = YES;
				"CODE_SIGN_IDENTITY[sdk=iphoneos*]" = "iPhone Developer";
				COPY_PHASE_STRIP = NO;
				GCC_C_LANGUAGE_STANDARD = gnu99;
				GCC_DYNAMIC_NO_PIC = NO;
				GCC_OPTIMIZATION_LEVEL = 0;
				GCC_PREPROCESSOR_DEFINITIONS = (
					"DEBUG=1",
					"$(inherited)",
				);
				GCC_SYMBOLS_PRIVATE_EXTERN = NO;
				GCC_WARN_64_TO_32_BIT_CONVERSION = YES;
				GCC_WARN_ABOUT_RETURN_TYPE = YES_ERROR;
				GCC_WARN_UNDECLARED_SELECTOR = YES;
				GCC_WARN_UNINITIALIZED_AUTOS = YES;
				GCC_WARN_UNUSED_FUNCTION = YES;
				GCC_WARN_UNUSED_VARIABLE = YES;
				HEADER_SEARCH_PATHS = (
					"$(inherited)",
					/Applications/Xcode.app/Contents/Developer/Toolchains/XcodeDefault.xctoolchain/usr/include,
					$SOURCE_ROOT,
				);
				IPHONEOS_DEPLOYMENT_TARGET = 7.0;
				ONLY_ACTIVE_ARCH = YES;
				SDKROOT = iphoneos;
				TARGETED_DEVICE_FAMILY = "1,2";
			};
			name = Debug;
		};
		097CFFDF183B5D1300F5FAFF /* Release */ = {
			isa = XCBuildConfiguration;
			buildSettings = {
				ALWAYS_SEARCH_USER_PATHS = NO;
				CLANG_CXX_LANGUAGE_STANDARD = "gnu++0x";
				CLANG_CXX_LIBRARY = "libc++";
				CLANG_ENABLE_MODULES = YES;
				CLANG_ENABLE_OBJC_ARC = YES;
				CLANG_WARN_BOOL_CONVERSION = YES;
				CLANG_WARN_CONSTANT_CONVERSION = YES;
				CLANG_WARN_DIRECT_OBJC_ISA_USAGE = YES_ERROR;
				CLANG_WARN_EMPTY_BODY = YES;
				CLANG_WARN_ENUM_CONVERSION = YES;
				CLANG_WARN_INT_CONVERSION = YES;
				CLANG_WARN_OBJC_ROOT_CLASS = YES_ERROR;
				CLANG_WARN__DUPLICATE_METHOD_MATCH = YES;
				"CODE_SIGN_IDENTITY[sdk=iphoneos*]" = "iPhone Developer";
				COPY_PHASE_STRIP = YES;
				ENABLE_NS_ASSERTIONS = NO;
				GCC_C_LANGUAGE_STANDARD = gnu99;
				GCC_WARN_64_TO_32_BIT_CONVERSION = YES;
				GCC_WARN_ABOUT_RETURN_TYPE = YES_ERROR;
				GCC_WARN_UNDECLARED_SELECTOR = YES;
				GCC_WARN_UNINITIALIZED_AUTOS = YES;
				GCC_WARN_UNUSED_FUNCTION = YES;
				GCC_WARN_UNUSED_VARIABLE = YES;
				HEADER_SEARCH_PATHS = (
					"$(inherited)",
					/Applications/Xcode.app/Contents/Developer/Toolchains/XcodeDefault.xctoolchain/usr/include,
					$SOURCE_ROOT,
				);
				IPHONEOS_DEPLOYMENT_TARGET = 7.0;
				SDKROOT = iphoneos;
				TARGETED_DEVICE_FAMILY = "1,2";
				VALIDATE_PRODUCT = YES;
			};
			name = Release;
		};
		097CFFE1183B5D1300F5FAFF /* Debug */ = {
			isa = XCBuildConfiguration;
			buildSettings = {
				ALWAYS_SEARCH_USER_PATHS = NO;
				ASSETCATALOG_COMPILER_APPICON_NAME = AppIcon;
				ASSETCATALOG_COMPILER_LAUNCHIMAGE_NAME = LaunchImage;
				GCC_PRECOMPILE_PREFIX_HEADER = YES;
				GCC_PREFIX_HEADER = "syncWithAFNetworking/syncWithAFNetworking-Prefix.pch";
				HEADER_SEARCH_PATHS = (
					$SOURCE_ROOT/addOn/coreDataStack/coreDataStack,
					$SOURCE_ROOT/addOn/coreDataStack,
					"$(inherited)",
					/Applications/Xcode.app/Contents/Developer/Toolchains/XcodeDefault.xctoolchain/usr/include,
					$SOURCE_ROOT,
				);
				INFOPLIST_FILE = "syncWithAFNetworking/syncWithAFNetworking-Info.plist";
				OTHER_LDFLAGS = "-ObjC";
				PRODUCT_NAME = "$(TARGET_NAME)";
				WRAPPER_EXTENSION = app;
			};
			name = Debug;
		};
		097CFFE2183B5D1300F5FAFF /* Release */ = {
			isa = XCBuildConfiguration;
			buildSettings = {
				ALWAYS_SEARCH_USER_PATHS = NO;
				ASSETCATALOG_COMPILER_APPICON_NAME = AppIcon;
				ASSETCATALOG_COMPILER_LAUNCHIMAGE_NAME = LaunchImage;
				GCC_PRECOMPILE_PREFIX_HEADER = YES;
				GCC_PREFIX_HEADER = "syncWithAFNetworking/syncWithAFNetworking-Prefix.pch";
				HEADER_SEARCH_PATHS = (
					$SOURCE_ROOT/addOn/coreDataStack/coreDataStack,
					$SOURCE_ROOT/addOn/coreDataStack,
					"$(inherited)",
					/Applications/Xcode.app/Contents/Developer/Toolchains/XcodeDefault.xctoolchain/usr/include,
					$SOURCE_ROOT,
				);
				INFOPLIST_FILE = "syncWithAFNetworking/syncWithAFNetworking-Info.plist";
				OTHER_LDFLAGS = "-ObjC";
				PRODUCT_NAME = "$(TARGET_NAME)";
				WRAPPER_EXTENSION = app;
			};
			name = Release;
		};
/* End XCBuildConfiguration section */

/* Begin XCConfigurationList section */
		092D2D0119542C44004661C2 /* Build configuration list for PBXNativeTarget "syncWithAFNetworkingLibrary" */ = {
			isa = XCConfigurationList;
			buildConfigurations = (
				092D2D0219542C44004661C2 /* Debug */,
				092D2D0319542C44004661C2 /* Release */,
			);
			defaultConfigurationIsVisible = 0;
			defaultConfigurationName = Release;
		};
		097CFFA6183B5D1300F5FAFF /* Build configuration list for PBXProject "syncWithAFNetworking" */ = {
			isa = XCConfigurationList;
			buildConfigurations = (
				097CFFDE183B5D1300F5FAFF /* Debug */,
				097CFFDF183B5D1300F5FAFF /* Release */,
			);
			defaultConfigurationIsVisible = 0;
			defaultConfigurationName = Release;
		};
		097CFFE0183B5D1300F5FAFF /* Build configuration list for PBXNativeTarget "syncWithAFNetworking" */ = {
			isa = XCConfigurationList;
			buildConfigurations = (
				097CFFE1183B5D1300F5FAFF /* Debug */,
				097CFFE2183B5D1300F5FAFF /* Release */,
			);
			defaultConfigurationIsVisible = 0;
			defaultConfigurationName = Release;
		};
/* End XCConfigurationList section */
	};
	rootObject = 097CFFA3183B5D1300F5FAFF /* Project object */;
}
